<?xml version="1.0" encoding="utf-8"?>
<Project ToolsVersion="17.0" xmlns="http://schemas.microsoft.com/developer/msbuild/2003">
  <ItemGroup>
    <ClCompile Include="$(SolutionDir)\lib\assimp\code\Common\Assimp.cpp">
      <Filter>Source Files</Filter>
    </ClCompile>
    <ClCompile Include="$(SolutionDir)\lib\assimp\code\CApi\CInterfaceIOWrapper.cpp">
      <Filter>CApi</Filter>
    </ClCompile>
    <ClCompile Include="$(SolutionDir)\lib\assimp\code\Common\Compression.cpp">
      <Filter>Common</Filter>
    </ClCompile>
    <ClCompile Include="$(SolutionDir)\lib\assimp\code\Common\BaseImporter.cpp">
      <Filter>Common</Filter>
    </ClCompile>
    <ClCompile Include="$(SolutionDir)\lib\assimp\code\Common\BaseProcess.cpp">
      <Filter>Common</Filter>
    </ClCompile>
    <ClCompile Include="$(SolutionDir)\lib\assimp\code\Common\PostStepRegistry.cpp">
      <Filter>Common</Filter>
    </ClCompile>
    <ClCompile Include="$(SolutionDir)\lib\assimp\code\Common\ImporterRegistry.cpp">
      <Filter>Common</Filter>
    </ClCompile>
    <ClCompile Include="$(SolutionDir)\lib\assimp\code\Common\DefaultIOStream.cpp">
      <Filter>Common</Filter>
    </ClCompile>
    <ClCompile Include="$(SolutionDir)\lib\assimp\code\Common\IOSystem.cpp">
      <Filter>Common</Filter>
    </ClCompile>
    <ClCompile Include="$(SolutionDir)\lib\assimp\code\Common\DefaultIOSystem.cpp">
      <Filter>Common</Filter>
    </ClCompile>
    <ClCompile Include="$(SolutionDir)\lib\assimp\code\Common\ZipArchiveIOSystem.cpp">
      <Filter>Common</Filter>
    </ClCompile>
    <ClCompile Include="$(SolutionDir)\lib\assimp\code\Common\Importer.cpp">
      <Filter>Common</Filter>
    </ClCompile>
    <ClCompile Include="$(SolutionDir)\lib\assimp\code\Common\SGSpatialSort.cpp">
      <Filter>Common</Filter>
    </ClCompile>
    <ClCompile Include="$(SolutionDir)\lib\assimp\code\Common\VertexTriangleAdjacency.cpp">
      <Filter>Common</Filter>
    </ClCompile>
    <ClCompile Include="$(SolutionDir)\lib\assimp\code\Common\SpatialSort.cpp">
      <Filter>Common</Filter>
    </ClCompile>
    <ClCompile Include="$(SolutionDir)\lib\assimp\code\Common\SceneCombiner.cpp">
      <Filter>Common</Filter>
    </ClCompile>
    <ClCompile Include="$(SolutionDir)\lib\assimp\code\Common\ScenePreprocessor.cpp">
      <Filter>Common</Filter>
    </ClCompile>
    <ClCompile Include="$(SolutionDir)\lib\assimp\code\Common\SkeletonMeshBuilder.cpp">
      <Filter>Common</Filter>
    </ClCompile>
    <ClCompile Include="$(SolutionDir)\lib\assimp\code\Common\StandardShapes.cpp">
      <Filter>Common</Filter>
    </ClCompile>
    <ClCompile Include="$(SolutionDir)\lib\assimp\code\Common\TargetAnimation.cpp">
      <Filter>Common</Filter>
    </ClCompile>
    <ClCompile Include="$(SolutionDir)\lib\assimp\code\Common\RemoveComments.cpp">
      <Filter>Common</Filter>
    </ClCompile>
    <ClCompile Include="$(SolutionDir)\lib\assimp\code\Common\Subdivision.cpp">
      <Filter>Common</Filter>
    </ClCompile>
    <ClCompile Include="$(SolutionDir)\lib\assimp\code\Common\scene.cpp">
      <Filter>Common</Filter>
    </ClCompile>
    <ClCompile Include="$(SolutionDir)\lib\assimp\code\Common\Bitmap.cpp">
      <Filter>Common</Filter>
    </ClCompile>
    <ClCompile Include="$(SolutionDir)\lib\assimp\code\Common\Version.cpp">
      <Filter>Common</Filter>
    </ClCompile>
    <ClCompile Include="$(SolutionDir)\lib\assimp\code\Common\CreateAnimMesh.cpp">
      <Filter>Common</Filter>
    </ClCompile>
    <ClCompile Include="$(SolutionDir)\lib\assimp\code\Common\simd.cpp">
      <Filter>Common</Filter>
    </ClCompile>
    <ClCompile Include="$(SolutionDir)\lib\assimp\code\Common\material.cpp">
      <Filter>Common</Filter>
    </ClCompile>
    <ClCompile Include="$(SolutionDir)\lib\assimp\code\Common\AssertHandler.cpp">
      <Filter>Common</Filter>
    </ClCompile>
    <ClCompile Include="$(SolutionDir)\lib\assimp\code\Common\Exceptional.cpp">
      <Filter>Common</Filter>
    </ClCompile>
    <ClCompile Include="$(SolutionDir)\lib\assimp\code\Common\Base64.cpp">
      <Filter>Common</Filter>
    </ClCompile>
    <ClCompile Include="$(SolutionDir)\lib\assimp\code\Common\DefaultLogger.cpp">
      <Filter>Logging</Filter>
    </ClCompile>
    <ClCompile Include="$(SolutionDir)\lib\assimp\code\Common\Exporter.cpp">
      <Filter>Exporter</Filter>
    </ClCompile>
    <ClCompile Include="$(SolutionDir)\lib\assimp\code\CApi\AssimpCExport.cpp">
      <Filter>Exporter</Filter>
    </ClCompile>
    <ClCompile Include="$(SolutionDir)\lib\assimp\code\PostProcessing\CalcTangentsProcess.cpp">
      <Filter>PostProcessing</Filter>
    </ClCompile>
    <ClCompile Include="$(SolutionDir)\lib\assimp\code\PostProcessing\ComputeUVMappingProcess.cpp">
      <Filter>PostProcessing</Filter>
    </ClCompile>
    <ClCompile Include="$(SolutionDir)\lib\assimp\code\PostProcessing\ConvertToLHProcess.cpp">
      <Filter>PostProcessing</Filter>
    </ClCompile>
    <ClCompile Include="$(SolutionDir)\lib\assimp\code\PostProcessing\EmbedTexturesProcess.cpp">
      <Filter>PostProcessing</Filter>
    </ClCompile>
    <ClCompile Include="$(SolutionDir)\lib\assimp\code\PostProcessing\FindDegenerates.cpp">
      <Filter>PostProcessing</Filter>
    </ClCompile>
    <ClCompile Include="$(SolutionDir)\lib\assimp\code\PostProcessing\FindInstancesProcess.cpp">
      <Filter>PostProcessing</Filter>
    </ClCompile>
    <ClCompile Include="$(SolutionDir)\lib\assimp\code\PostProcessing\FindInvalidDataProcess.cpp">
      <Filter>PostProcessing</Filter>
    </ClCompile>
    <ClCompile Include="$(SolutionDir)\lib\assimp\code\PostProcessing\FixNormalsStep.cpp">
      <Filter>PostProcessing</Filter>
    </ClCompile>
    <ClCompile Include="$(SolutionDir)\lib\assimp\code\PostProcessing\DropFaceNormalsProcess.cpp">
      <Filter>PostProcessing</Filter>
    </ClCompile>
    <ClCompile Include="$(SolutionDir)\lib\assimp\code\PostProcessing\GenFaceNormalsProcess.cpp">
      <Filter>PostProcessing</Filter>
    </ClCompile>
    <ClCompile Include="$(SolutionDir)\lib\assimp\code\PostProcessing\GenVertexNormalsProcess.cpp">
      <Filter>PostProcessing</Filter>
    </ClCompile>
    <ClCompile Include="$(SolutionDir)\lib\assimp\code\PostProcessing\PretransformVertices.cpp">
      <Filter>PostProcessing</Filter>
    </ClCompile>
    <ClCompile Include="$(SolutionDir)\lib\assimp\code\PostProcessing\ImproveCacheLocality.cpp">
      <Filter>PostProcessing</Filter>
    </ClCompile>
    <ClCompile Include="$(SolutionDir)\lib\assimp\code\PostProcessing\JoinVerticesProcess.cpp">
      <Filter>PostProcessing</Filter>
    </ClCompile>
    <ClCompile Include="$(SolutionDir)\lib\assimp\code\PostProcessing\LimitBoneWeightsProcess.cpp">
      <Filter>PostProcessing</Filter>
    </ClCompile>
    <ClCompile Include="$(SolutionDir)\lib\assimp\code\PostProcessing\RemoveRedundantMaterials.cpp">
      <Filter>PostProcessing</Filter>
    </ClCompile>
    <ClCompile Include="$(SolutionDir)\lib\assimp\code\PostProcessing\RemoveVCProcess.cpp">
      <Filter>PostProcessing</Filter>
    </ClCompile>
    <ClCompile Include="$(SolutionDir)\lib\assimp\code\PostProcessing\SortByPTypeProcess.cpp">
      <Filter>PostProcessing</Filter>
    </ClCompile>
    <ClCompile Include="$(SolutionDir)\lib\assimp\code\PostProcessing\SplitLargeMeshes.cpp">
      <Filter>PostProcessing</Filter>
    </ClCompile>
    <ClCompile Include="$(SolutionDir)\lib\assimp\code\PostProcessing\TextureTransform.cpp">
      <Filter>PostProcessing</Filter>
    </ClCompile>
    <ClCompile Include="$(SolutionDir)\lib\assimp\code\PostProcessing\TriangulateProcess.cpp">
      <Filter>PostProcessing</Filter>
    </ClCompile>
    <ClCompile Include="$(SolutionDir)\lib\assimp\code\PostProcessing\ValidateDataStructure.cpp">
      <Filter>PostProcessing</Filter>
    </ClCompile>
    <ClCompile Include="$(SolutionDir)\lib\assimp\code\PostProcessing\OptimizeGraph.cpp">
      <Filter>PostProcessing</Filter>
    </ClCompile>
    <ClCompile Include="$(SolutionDir)\lib\assimp\code\PostProcessing\OptimizeMeshes.cpp">
      <Filter>PostProcessing</Filter>
    </ClCompile>
    <ClCompile Include="$(SolutionDir)\lib\assimp\code\PostProcessing\DeboneProcess.cpp">
      <Filter>PostProcessing</Filter>
    </ClCompile>
    <ClCompile Include="$(SolutionDir)\lib\assimp\code\PostProcessing\ProcessHelper.cpp">
      <Filter>PostProcessing</Filter>
    </ClCompile>
    <ClCompile Include="$(SolutionDir)\lib\assimp\code\PostProcessing\MakeVerboseFormat.cpp">
      <Filter>PostProcessing</Filter>
    </ClCompile>
    <ClCompile Include="$(SolutionDir)\lib\assimp\code\PostProcessing\ScaleProcess.cpp">
      <Filter>PostProcessing</Filter>
    </ClCompile>
    <ClCompile Include="$(SolutionDir)\lib\assimp\code\PostProcessing\ArmaturePopulate.cpp">
      <Filter>PostProcessing</Filter>
    </ClCompile>
    <ClCompile Include="$(SolutionDir)\lib\assimp\code\PostProcessing\GenBoundingBoxesProcess.cpp">
      <Filter>PostProcessing</Filter>
    </ClCompile>
    <ClCompile Include="$(SolutionDir)\lib\assimp\code\PostProcessing\SplitByBoneCountProcess.cpp">
      <Filter>PostProcessing</Filter>
    </ClCompile>
    <ClCompile Include="$(SolutionDir)\lib\assimp\code\Material\MaterialSystem.cpp">
      <Filter>MaterialSystem</Filter>
    </ClCompile>
    <ClCompile Include="$(SolutionDir)\lib\assimp\code\AssetLib\STEPParser\STEPFileReader.cpp">
      <Filter>STEPParser</Filter>
    </ClCompile>
    <ClCompile Include="$(SolutionDir)\lib\assimp\code\AssetLib\STEPParser\STEPFileEncoding.cpp">
      <Filter>STEPParser</Filter>
    </ClCompile>
    <ClCompile Include="$(SolutionDir)\lib\assimp\code\AssetLib\AMF\AMFImporter.cpp">
      <Filter>AssetLib\AMF</Filter>
    </ClCompile>
    <ClCompile Include="$(SolutionDir)\lib\assimp\code\AssetLib\AMF\AMFImporter_Geometry.cpp">
      <Filter>AssetLib\AMF</Filter>
    </ClCompile>
    <ClCompile Include="$(SolutionDir)\lib\assimp\code\AssetLib\AMF\AMFImporter_Material.cpp">
      <Filter>AssetLib\AMF</Filter>
    </ClCompile>
    <ClCompile Include="$(SolutionDir)\lib\assimp\code\AssetLib\AMF\AMFImporter_Postprocess.cpp">
      <Filter>AssetLib\AMF</Filter>
    </ClCompile>
    <ClCompile Include="$(SolutionDir)\lib\assimp\code\AssetLib\3DS\3DSConverter.cpp">
      <Filter>AssetLib\3DS</Filter>
    </ClCompile>
    <ClCompile Include="$(SolutionDir)\lib\assimp\code\AssetLib\3DS\3DSLoader.cpp">
      <Filter>AssetLib\3DS</Filter>
    </ClCompile>
    <ClCompile Include="$(SolutionDir)\lib\assimp\code\AssetLib\AC\ACLoader.cpp">
      <Filter>AssetLib\AC</Filter>
    </ClCompile>
    <ClCompile Include="$(SolutionDir)\lib\assimp\code\AssetLib\ASE\ASELoader.cpp">
      <Filter>AssetLib\ASE</Filter>
    </ClCompile>
    <ClCompile Include="$(SolutionDir)\lib\assimp\code\AssetLib\ASE\ASEParser.cpp">
      <Filter>AssetLib\ASE</Filter>
    </ClCompile>
    <ClCompile Include="$(SolutionDir)\lib\assimp\code\AssetLib\Assbin\AssbinLoader.cpp">
      <Filter>AssetLib\ASSBIN</Filter>
    </ClCompile>
    <ClCompile Include="$(SolutionDir)\lib\assimp\code\AssetLib\B3D\B3DImporter.cpp">
      <Filter>AssetLib\B3D</Filter>
    </ClCompile>
    <ClCompile Include="$(SolutionDir)\lib\assimp\code\AssetLib\BVH\BVHLoader.cpp">
      <Filter>AssetLib\BVH</Filter>
    </ClCompile>
    <ClCompile Include="$(SolutionDir)\lib\assimp\code\AssetLib\Collada\ColladaHelper.cpp">
      <Filter>AssetLib\COLLADA</Filter>
    </ClCompile>
    <ClCompile Include="$(SolutionDir)\lib\assimp\code\AssetLib\Collada\ColladaLoader.cpp">
      <Filter>AssetLib\COLLADA</Filter>
    </ClCompile>
    <ClCompile Include="$(SolutionDir)\lib\assimp\code\AssetLib\Collada\ColladaParser.cpp">
      <Filter>AssetLib\COLLADA</Filter>
    </ClCompile>
    <ClCompile Include="$(SolutionDir)\lib\assimp\code\AssetLib\DXF\DXFLoader.cpp">
      <Filter>AssetLib\DXF</Filter>
    </ClCompile>
    <ClCompile Include="$(SolutionDir)\lib\assimp\code\AssetLib\CSM\CSMLoader.cpp">
      <Filter>AssetLib\CSM</Filter>
    </ClCompile>
    <ClCompile Include="$(SolutionDir)\lib\assimp\code\AssetLib\HMP\HMPLoader.cpp">
      <Filter>AssetLib\HMP</Filter>
    </ClCompile>
    <ClCompile Include="$(SolutionDir)\lib\assimp\code\AssetLib\Irr\IRRMeshLoader.cpp">
      <Filter>AssetLib\IRRMESH</Filter>
    </ClCompile>
    <ClCompile Include="$(SolutionDir)\lib\assimp\code\AssetLib\Irr\IRRShared.cpp">
      <Filter>AssetLib\IRRMESH</Filter>
    </ClCompile>
    <ClCompile Include="$(SolutionDir)\lib\assimp\code\AssetLib\IQM\IQMImporter.cpp">
      <Filter>AssetLib\IQM</Filter>
    </ClCompile>
    <ClCompile Include="$(SolutionDir)\lib\assimp\code\AssetLib\Irr\IRRLoader.cpp">
      <Filter>AssetLib\IRR</Filter>
    </ClCompile>
    <ClCompile Include="$(SolutionDir)\lib\assimp\code\AssetLib\LWO\LWOAnimation.cpp">
      <Filter>AssetLib\LWO</Filter>
    </ClCompile>
    <ClCompile Include="$(SolutionDir)\lib\assimp\code\AssetLib\LWO\LWOBLoader.cpp">
      <Filter>AssetLib\LWO</Filter>
    </ClCompile>
    <ClCompile Include="$(SolutionDir)\lib\assimp\code\AssetLib\LWO\LWOLoader.cpp">
      <Filter>AssetLib\LWO</Filter>
    </ClCompile>
    <ClCompile Include="$(SolutionDir)\lib\assimp\code\AssetLib\LWO\LWOMaterial.cpp">
      <Filter>AssetLib\LWO</Filter>
    </ClCompile>
    <ClCompile Include="$(SolutionDir)\lib\assimp\code\AssetLib\LWS\LWSLoader.cpp">
      <Filter>AssetLib\LWS</Filter>
    </ClCompile>
    <ClCompile Include="$(SolutionDir)\lib\assimp\code\AssetLib\M3D\M3DImporter.cpp">
      <Filter>AssetLib\M3D</Filter>
    </ClCompile>
    <ClCompile Include="$(SolutionDir)\lib\assimp\code\AssetLib\M3D\M3DWrapper.cpp">
      <Filter>AssetLib\M3D</Filter>
    </ClCompile>
    <ClCompile Include="$(SolutionDir)\lib\assimp\code\AssetLib\MD2\MD2Loader.cpp">
      <Filter>AssetLib\MD2</Filter>
    </ClCompile>
    <ClCompile Include="$(SolutionDir)\lib\assimp\code\AssetLib\MD3\MD3Loader.cpp">
      <Filter>AssetLib\MD3</Filter>
    </ClCompile>
    <ClCompile Include="$(SolutionDir)\lib\assimp\code\AssetLib\MD5\MD5Loader.cpp">
      <Filter>AssetLib\MD5</Filter>
    </ClCompile>
    <ClCompile Include="$(SolutionDir)\lib\assimp\code\AssetLib\MD5\MD5Parser.cpp">
      <Filter>AssetLib\MD5</Filter>
    </ClCompile>
    <ClCompile Include="$(SolutionDir)\lib\assimp\code\AssetLib\MDC\MDCLoader.cpp">
      <Filter>AssetLib\MDC</Filter>
    </ClCompile>
    <ClCompile Include="$(SolutionDir)\lib\assimp\code\AssetLib\MDL\MDLLoader.cpp">
      <Filter>AssetLib\MDL</Filter>
    </ClCompile>
    <ClCompile Include="$(SolutionDir)\lib\assimp\code\AssetLib\MDL\MDLMaterialLoader.cpp">
      <Filter>AssetLib\MDL</Filter>
    </ClCompile>
    <ClCompile Include="$(SolutionDir)\lib\assimp\code\AssetLib\MDL\HalfLife\HL1MDLLoader.cpp">
      <Filter>AssetLib\MDL</Filter>
    </ClCompile>
    <ClCompile Include="$(SolutionDir)\lib\assimp\code\AssetLib\MDL\HalfLife\UniqueNameGenerator.cpp">
      <Filter>AssetLib\MDL</Filter>
    </ClCompile>
    <ClCompile Include="$(SolutionDir)\lib\assimp\code\AssetLib\NFF\NFFLoader.cpp">
      <Filter>AssetLib\NFF</Filter>
    </ClCompile>
    <ClCompile Include="$(SolutionDir)\lib\assimp\code\AssetLib\NDO\NDOLoader.cpp">
      <Filter>AssetLib\NDO</Filter>
    </ClCompile>
    <ClCompile Include="$(SolutionDir)\lib\assimp\code\AssetLib\OFF\OFFLoader.cpp">
      <Filter>AssetLib\OFF</Filter>
    </ClCompile>
    <ClCompile Include="$(SolutionDir)\lib\assimp\code\AssetLib\Obj\ObjFileImporter.cpp">
      <Filter>AssetLib\OBJ</Filter>
    </ClCompile>
    <ClCompile Include="$(SolutionDir)\lib\assimp\code\AssetLib\Obj\ObjFileMtlImporter.cpp">
      <Filter>AssetLib\OBJ</Filter>
    </ClCompile>
    <ClCompile Include="$(SolutionDir)\lib\assimp\code\AssetLib\Obj\ObjFileParser.cpp">
      <Filter>AssetLib\OBJ</Filter>
    </ClCompile>
    <ClCompile Include="$(SolutionDir)\lib\assimp\code\AssetLib\Ogre\OgreImporter.cpp">
      <Filter>AssetLib\OGRE</Filter>
    </ClCompile>
    <ClCompile Include="$(SolutionDir)\lib\assimp\code\AssetLib\Ogre\OgreStructs.cpp">
      <Filter>AssetLib\OGRE</Filter>
    </ClCompile>
    <ClCompile Include="$(SolutionDir)\lib\assimp\code\AssetLib\Ogre\OgreBinarySerializer.cpp">
      <Filter>AssetLib\OGRE</Filter>
    </ClCompile>
    <ClCompile Include="$(SolutionDir)\lib\assimp\code\AssetLib\Ogre\OgreXmlSerializer.cpp">
      <Filter>AssetLib\OGRE</Filter>
    </ClCompile>
    <ClCompile Include="$(SolutionDir)\lib\assimp\code\AssetLib\Ogre\OgreMaterial.cpp">
      <Filter>AssetLib\OGRE</Filter>
    </ClCompile>
    <ClCompile Include="$(SolutionDir)\lib\assimp\code\AssetLib\OpenGEX\OpenGEXImporter.cpp">
      <Filter>AssetLib\OPENGEX</Filter>
    </ClCompile>
    <ClCompile Include="$(SolutionDir)\lib\assimp\code\AssetLib\Ply\PlyLoader.cpp">
      <Filter>AssetLib\PLY</Filter>
    </ClCompile>
    <ClCompile Include="$(SolutionDir)\lib\assimp\code\AssetLib\Ply\PlyParser.cpp">
      <Filter>AssetLib\PLY</Filter>
    </ClCompile>
    <ClCompile Include="$(SolutionDir)\lib\assimp\code\AssetLib\MS3D\MS3DLoader.cpp">
      <Filter>AssetLib\MS3D</Filter>
    </ClCompile>
    <ClCompile Include="$(SolutionDir)\lib\assimp\code\AssetLib\COB\COBLoader.cpp">
      <Filter>AssetLib\COB</Filter>
    </ClCompile>
    <ClCompile Include="$(SolutionDir)\lib\assimp\code\AssetLib\Blender\BlenderLoader.cpp">
      <Filter>AssetLib\BLEND</Filter>
    </ClCompile>
    <ClCompile Include="$(SolutionDir)\lib\assimp\code\AssetLib\Blender\BlenderDNA.cpp">
      <Filter>AssetLib\BLEND</Filter>
    </ClCompile>
    <ClCompile Include="$(SolutionDir)\lib\assimp\code\AssetLib\Blender\BlenderScene.cpp">
      <Filter>AssetLib\BLEND</Filter>
    </ClCompile>
    <ClCompile Include="$(SolutionDir)\lib\assimp\code\AssetLib\Blender\BlenderModifier.cpp">
      <Filter>AssetLib\BLEND</Filter>
    </ClCompile>
    <ClCompile Include="$(SolutionDir)\lib\assimp\code\AssetLib\Blender\BlenderBMesh.cpp">
      <Filter>AssetLib\BLEND</Filter>
    </ClCompile>
    <ClCompile Include="$(SolutionDir)\lib\assimp\code\AssetLib\Blender\BlenderTessellator.cpp">
      <Filter>AssetLib\BLEND</Filter>
    </ClCompile>
    <ClCompile Include="$(SolutionDir)\lib\assimp\code\AssetLib\Blender\BlenderCustomData.cpp">
      <Filter>AssetLib\BLEND</Filter>
    </ClCompile>
    <ClCompile Include="$(SolutionDir)\lib\assimp\code\AssetLib\IFC\IFCLoader.cpp">
      <Filter>AssetLib\IFC</Filter>
    </ClCompile>
    <ClCompile Include="$(SolutionDir)\lib\assimp\code\AssetLib\IFC\IFCReaderGen1_2x3.cpp">
      <Filter>AssetLib\IFC</Filter>
    </ClCompile>
    <ClCompile Include="$(SolutionDir)\lib\assimp\code\AssetLib\IFC\IFCReaderGen2_2x3.cpp">
      <Filter>AssetLib\IFC</Filter>
    </ClCompile>
    <ClCompile Include="$(SolutionDir)\lib\assimp\code\AssetLib\IFC\IFCUtil.cpp">
      <Filter>AssetLib\IFC</Filter>
    </ClCompile>
    <ClCompile Include="$(SolutionDir)\lib\assimp\code\AssetLib\IFC\IFCGeometry.cpp">
      <Filter>AssetLib\IFC</Filter>
    </ClCompile>
    <ClCompile Include="$(SolutionDir)\lib\assimp\code\AssetLib\IFC\IFCMaterial.cpp">
      <Filter>AssetLib\IFC</Filter>
    </ClCompile>
    <ClCompile Include="$(SolutionDir)\lib\assimp\code\AssetLib\IFC\IFCProfile.cpp">
      <Filter>AssetLib\IFC</Filter>
    </ClCompile>
    <ClCompile Include="$(SolutionDir)\lib\assimp\code\AssetLib\IFC\IFCCurve.cpp">
      <Filter>AssetLib\IFC</Filter>
    </ClCompile>
    <ClCompile Include="$(SolutionDir)\lib\assimp\code\AssetLib\IFC\IFCBoolean.cpp">
      <Filter>AssetLib\IFC</Filter>
    </ClCompile>
    <ClCompile Include="$(SolutionDir)\lib\assimp\code\AssetLib\IFC\IFCOpenings.cpp">
      <Filter>AssetLib\IFC</Filter>
    </ClCompile>
    <ClCompile Include="$(SolutionDir)\lib\assimp\code\AssetLib\XGL\XGLLoader.cpp">
      <Filter>AssetLib\XGL</Filter>
    </ClCompile>
    <ClCompile Include="$(SolutionDir)\lib\assimp\code\AssetLib\FBX\FBXImporter.cpp">
      <Filter>AssetLib\FBX</Filter>
    </ClCompile>
    <ClCompile Include="$(SolutionDir)\lib\assimp\code\AssetLib\FBX\FBXParser.cpp">
      <Filter>AssetLib\FBX</Filter>
    </ClCompile>
    <ClCompile Include="$(SolutionDir)\lib\assimp\code\AssetLib\FBX\FBXTokenizer.cpp">
      <Filter>AssetLib\FBX</Filter>
    </ClCompile>
    <ClCompile Include="$(SolutionDir)\lib\assimp\code\AssetLib\FBX\FBXConverter.cpp">
      <Filter>AssetLib\FBX</Filter>
    </ClCompile>
    <ClCompile Include="$(SolutionDir)\lib\assimp\code\AssetLib\FBX\FBXUtil.cpp">
      <Filter>AssetLib\FBX</Filter>
    </ClCompile>
    <ClCompile Include="$(SolutionDir)\lib\assimp\code\AssetLib\FBX\FBXDocument.cpp">
      <Filter>AssetLib\FBX</Filter>
    </ClCompile>
    <ClCompile Include="$(SolutionDir)\lib\assimp\code\AssetLib\FBX\FBXProperties.cpp">
      <Filter>AssetLib\FBX</Filter>
    </ClCompile>
    <ClCompile Include="$(SolutionDir)\lib\assimp\code\AssetLib\FBX\FBXMeshGeometry.cpp">
      <Filter>AssetLib\FBX</Filter>
    </ClCompile>
    <ClCompile Include="$(SolutionDir)\lib\assimp\code\AssetLib\FBX\FBXMaterial.cpp">
      <Filter>AssetLib\FBX</Filter>
    </ClCompile>
    <ClCompile Include="$(SolutionDir)\lib\assimp\code\AssetLib\FBX\FBXModel.cpp">
      <Filter>AssetLib\FBX</Filter>
    </ClCompile>
    <ClCompile Include="$(SolutionDir)\lib\assimp\code\AssetLib\FBX\FBXAnimation.cpp">
      <Filter>AssetLib\FBX</Filter>
    </ClCompile>
    <ClCompile Include="$(SolutionDir)\lib\assimp\code\AssetLib\FBX\FBXNodeAttribute.cpp">
      <Filter>AssetLib\FBX</Filter>
    </ClCompile>
    <ClCompile Include="$(SolutionDir)\lib\assimp\code\AssetLib\FBX\FBXDeformer.cpp">
      <Filter>AssetLib\FBX</Filter>
    </ClCompile>
    <ClCompile Include="$(SolutionDir)\lib\assimp\code\AssetLib\FBX\FBXBinaryTokenizer.cpp">
      <Filter>AssetLib\FBX</Filter>
    </ClCompile>
    <ClCompile Include="$(SolutionDir)\lib\assimp\code\AssetLib\FBX\FBXDocumentUtil.cpp">
      <Filter>AssetLib\FBX</Filter>
    </ClCompile>
    <ClCompile Include="$(SolutionDir)\lib\assimp\code\AssetLib\Q3D\Q3DLoader.cpp">
      <Filter>AssetLib\Q3D</Filter>
    </ClCompile>
    <ClCompile Include="$(SolutionDir)\lib\assimp\code\AssetLib\Q3BSP\Q3BSPFileParser.cpp">
      <Filter>AssetLib\Q3BSP</Filter>
    </ClCompile>
    <ClCompile Include="$(SolutionDir)\lib\assimp\code\AssetLib\Q3BSP\Q3BSPFileImporter.cpp">
      <Filter>AssetLib\Q3BSP</Filter>
    </ClCompile>
    <ClCompile Include="$(SolutionDir)\lib\assimp\code\AssetLib\Raw\RawLoader.cpp">
      <Filter>AssetLib\RAW</Filter>
    </ClCompile>
    <ClCompile Include="$(SolutionDir)\lib\assimp\code\AssetLib\SIB\SIBImporter.cpp">
      <Filter>AssetLib\SIB</Filter>
    </ClCompile>
    <ClCompile Include="$(SolutionDir)\lib\assimp\code\AssetLib\SMD\SMDLoader.cpp">
      <Filter>AssetLib\SMD</Filter>
    </ClCompile>
    <ClCompile Include="$(SolutionDir)\lib\assimp\code\AssetLib\STL\STLLoader.cpp">
      <Filter>AssetLib\STL</Filter>
    </ClCompile>
    <ClCompile Include="$(SolutionDir)\lib\assimp\code\AssetLib\Terragen\TerragenLoader.cpp">
      <Filter>AssetLib\TERRAGEN</Filter>
    </ClCompile>
    <ClCompile Include="$(SolutionDir)\lib\assimp\code\AssetLib\Unreal\UnrealLoader.cpp">
      <Filter>AssetLib\3D</Filter>
    </ClCompile>
    <ClCompile Include="$(SolutionDir)\lib\assimp\code\AssetLib\X\XFileImporter.cpp">
      <Filter>AssetLib\X</Filter>
    </ClCompile>
    <ClCompile Include="$(SolutionDir)\lib\assimp\code\AssetLib\X\XFileParser.cpp">
      <Filter>AssetLib\X</Filter>
    </ClCompile>
    <ClCompile Include="$(SolutionDir)\lib\assimp\code\AssetLib\X3D\X3DImporter.cpp">
      <Filter>AssetLib\X3D</Filter>
    </ClCompile>
    <ClCompile Include="$(SolutionDir)\lib\assimp\code\AssetLib\X3D\X3DImporter_Geometry2D.cpp">
      <Filter>AssetLib\X3D</Filter>
    </ClCompile>
    <ClCompile Include="$(SolutionDir)\lib\assimp\code\AssetLib\X3D\X3DImporter_Geometry3D.cpp">
      <Filter>AssetLib\X3D</Filter>
    </ClCompile>
    <ClCompile Include="$(SolutionDir)\lib\assimp\code\AssetLib\X3D\X3DImporter_Group.cpp">
      <Filter>AssetLib\X3D</Filter>
    </ClCompile>
    <ClCompile Include="$(SolutionDir)\lib\assimp\code\AssetLib\X3D\X3DImporter_Light.cpp">
      <Filter>AssetLib\X3D</Filter>
    </ClCompile>
    <ClCompile Include="$(SolutionDir)\lib\assimp\code\AssetLib\X3D\X3DImporter_Metadata.cpp">
      <Filter>AssetLib\X3D</Filter>
    </ClCompile>
    <ClCompile Include="$(SolutionDir)\lib\assimp\code\AssetLib\X3D\X3DImporter_Networking.cpp">
      <Filter>AssetLib\X3D</Filter>
    </ClCompile>
    <ClCompile Include="$(SolutionDir)\lib\assimp\code\AssetLib\X3D\X3DImporter_Postprocess.cpp">
      <Filter>AssetLib\X3D</Filter>
    </ClCompile>
    <ClCompile Include="$(SolutionDir)\lib\assimp\code\AssetLib\X3D\X3DImporter_Rendering.cpp">
      <Filter>AssetLib\X3D</Filter>
    </ClCompile>
    <ClCompile Include="$(SolutionDir)\lib\assimp\code\AssetLib\X3D\X3DImporter_Shape.cpp">
      <Filter>AssetLib\X3D</Filter>
    </ClCompile>
    <ClCompile Include="$(SolutionDir)\lib\assimp\code\AssetLib\X3D\X3DImporter_Texturing.cpp">
      <Filter>AssetLib\X3D</Filter>
    </ClCompile>
    <ClCompile Include="$(SolutionDir)\lib\assimp\code\AssetLib\X3D\X3DGeoHelper.cpp">
      <Filter>AssetLib\X3D</Filter>
    </ClCompile>
    <ClCompile Include="$(SolutionDir)\lib\assimp\code\AssetLib\X3D\X3DXmlHelper.cpp">
      <Filter>AssetLib\X3D</Filter>
    </ClCompile>
    <ClCompile Include="$(SolutionDir)\lib\assimp\code\AssetLib\glTF\glTFCommon.cpp">
      <Filter>AssetLib\GLTF</Filter>
    </ClCompile>
    <ClCompile Include="$(SolutionDir)\lib\assimp\code\AssetLib\glTF\glTFImporter.cpp">
      <Filter>AssetLib\GLTF</Filter>
    </ClCompile>
    <ClCompile Include="$(SolutionDir)\lib\assimp\code\AssetLib\glTF2\glTF2Importer.cpp">
      <Filter>AssetLib\GLTF</Filter>
    </ClCompile>
    <ClCompile Include="$(SolutionDir)\lib\assimp\code\AssetLib\3MF\XmlSerializer.cpp">
      <Filter>AssetLib\3MF</Filter>
    </ClCompile>
    <ClCompile Include="$(SolutionDir)\lib\assimp\code\AssetLib\3MF\D3MFImporter.cpp">
      <Filter>AssetLib\3MF</Filter>
    </ClCompile>
    <ClCompile Include="$(SolutionDir)\lib\assimp\code\AssetLib\3MF\D3MFOpcPackage.cpp">
      <Filter>AssetLib\3MF</Filter>
    </ClCompile>
    <ClCompile Include="$(SolutionDir)\lib\assimp\code\AssetLib\MMD\MMDImporter.cpp">
      <Filter>AssetLib\MMD</Filter>
    </ClCompile>
    <ClCompile Include="$(SolutionDir)\lib\assimp\code\AssetLib\MMD\MMDPmxParser.cpp">
      <Filter>AssetLib\MMD</Filter>
    </ClCompile>
    <ClCompile Include="$(SolutionDir)\lib\assimp\code\AssetLib\Obj\ObjExporter.cpp">
      <Filter>AssetLib\OBJ</Filter>
    </ClCompile>
    <ClCompile Include="$(SolutionDir)\lib\assimp\code\AssetLib\OpenGEX\OpenGEXExporter.cpp">
      <Filter>AssetLib\OPENGEX</Filter>
    </ClCompile>
    <ClCompile Include="$(SolutionDir)\lib\assimp\code\AssetLib\Ply\PlyExporter.cpp">
      <Filter>AssetLib\PLY</Filter>
    </ClCompile>
    <ClCompile Include="$(SolutionDir)\lib\assimp\code\AssetLib\3DS\3DSExporter.cpp">
      <Filter>AssetLib\3DS</Filter>
    </ClCompile>
    <ClCompile Include="$(SolutionDir)\lib\assimp\code\AssetLib\Assbin\AssbinExporter.cpp">
      <Filter>AssetLib\ASSBIN</Filter>
    </ClCompile>
    <ClCompile Include="$(SolutionDir)\lib\assimp\code\AssetLib\Assbin\AssbinFileWriter.cpp">
      <Filter>AssetLib\ASSBIN</Filter>
    </ClCompile>
    <ClCompile Include="$(SolutionDir)\lib\assimp\code\AssetLib\Assxml\AssxmlExporter.cpp">
      <Filter>AssetLib\ASSXML</Filter>
    </ClCompile>
    <ClCompile Include="$(SolutionDir)\lib\assimp\code\AssetLib\Assxml\AssxmlFileWriter.cpp">
      <Filter>AssetLib\ASSXML</Filter>
    </ClCompile>
    <ClCompile Include="$(SolutionDir)\lib\assimp\code\AssetLib\M3D\M3DExporter.cpp">
      <Filter>AssetLib\M3D</Filter>
    </ClCompile>
    <ClCompile Include="$(SolutionDir)\lib\assimp\code\AssetLib\Collada\ColladaExporter.cpp">
      <Filter>AssetLib\COLLADA</Filter>
    </ClCompile>
    <ClCompile Include="$(SolutionDir)\lib\assimp\code\AssetLib\FBX\FBXExporter.cpp">
      <Filter>AssetLib\FBX</Filter>
    </ClCompile>
    <ClCompile Include="$(SolutionDir)\lib\assimp\code\AssetLib\FBX\FBXExportNode.cpp">
      <Filter>AssetLib\FBX</Filter>
    </ClCompile>
    <ClCompile Include="$(SolutionDir)\lib\assimp\code\AssetLib\FBX\FBXExportProperty.cpp">
      <Filter>AssetLib\FBX</Filter>
    </ClCompile>
    <ClCompile Include="$(SolutionDir)\lib\assimp\code\AssetLib\STL\STLExporter.cpp">
      <Filter>AssetLib\STL</Filter>
    </ClCompile>
    <ClCompile Include="$(SolutionDir)\lib\assimp\code\AssetLib\X\XFileExporter.cpp">
      <Filter>AssetLib\X</Filter>
    </ClCompile>
    <ClCompile Include="$(SolutionDir)\lib\assimp\code\AssetLib\X3D\X3DExporter.cpp">
      <Filter>AssetLib\X3D</Filter>
    </ClCompile>
    <ClCompile Include="$(SolutionDir)\lib\assimp\code\AssetLib\glTF\glTFExporter.cpp">
      <Filter>AssetLib\GLTF</Filter>
    </ClCompile>
    <ClCompile Include="$(SolutionDir)\lib\assimp\code\AssetLib\glTF2\glTF2Exporter.cpp">
      <Filter>AssetLib\GLTF</Filter>
    </ClCompile>
    <ClCompile Include="$(SolutionDir)\lib\assimp\code\AssetLib\3MF\D3MFExporter.cpp">
      <Filter>AssetLib\3MF</Filter>
    </ClCompile>
    <ClCompile Include="$(SolutionDir)\lib\assimp\code\Pbrt\PbrtExporter.cpp">
      <Filter>AssetLib\PBRT</Filter>
    </ClCompile>
    <ClCompile Include="$(SolutionDir)\lib\assimp\code\AssetLib\Assjson\cencode.c">
      <Filter>AssetLib\ASSJSON</Filter>
    </ClCompile>
    <ClCompile Include="$(SolutionDir)\lib\assimp\code\AssetLib\Assjson\json_exporter.cpp">
      <Filter>AssetLib\ASSJSON</Filter>
    </ClCompile>
    <ClCompile Include="$(SolutionDir)\lib\assimp\code\AssetLib\Assjson\mesh_splitter.cpp">
      <Filter>AssetLib\ASSJSON</Filter>
    </ClCompile>
    <ClCompile Include="$(SolutionDir)\lib\assimp\code\AssetLib\Step\StepExporter.cpp">
      <Filter>AssetLib\STEP</Filter>
    </ClCompile>
    <ClCompile Include="$(SolutionDir)\lib\assimp\contrib\unzip\crypt.c">
      <Filter>Contrib\unzip</Filter>
    </ClCompile>
    <ClCompile Include="$(SolutionDir)\lib\assimp\contrib\unzip\ioapi.c">
      <Filter>Contrib\unzip</Filter>
    </ClCompile>
    <ClCompile Include="$(SolutionDir)\lib\assimp\contrib\unzip\unzip.c">
      <Filter>Contrib\unzip</Filter>
    </ClCompile>
    <ClCompile Include="$(SolutionDir)\lib\assimp\contrib\poly2tri\poly2tri\common\shapes.cc">
      <Filter>Contrib\Poly2Tri</Filter>
    </ClCompile>
    <ClCompile Include="$(SolutionDir)\lib\assimp\contrib\poly2tri\poly2tri\sweep\advancing_front.cc">
      <Filter>Contrib\Poly2Tri</Filter>
    </ClCompile>
    <ClCompile Include="$(SolutionDir)\lib\assimp\contrib\poly2tri\poly2tri\sweep\cdt.cc">
      <Filter>Contrib\Poly2Tri</Filter>
    </ClCompile>
    <ClCompile Include="$(SolutionDir)\lib\assimp\contrib\poly2tri\poly2tri\sweep\sweep.cc">
      <Filter>Contrib\Poly2Tri</Filter>
    </ClCompile>
    <ClCompile Include="$(SolutionDir)\lib\assimp\contrib\poly2tri\poly2tri\sweep\sweep_context.cc">
      <Filter>Contrib\Poly2Tri</Filter>
    </ClCompile>
    <ClCompile Include="$(SolutionDir)\lib\assimp\contrib\clipper\clipper.cpp">
      <Filter>Contrib\Clipper</Filter>
    </ClCompile>
    <ClCompile Include="$(SolutionDir)\lib\assimp\contrib\openddlparser\code\OpenDDLParser.cpp">
      <Filter>Contrib\openddl_parser</Filter>
    </ClCompile>
    <ClCompile Include="$(SolutionDir)\lib\assimp\contrib\openddlparser\code\DDLNode.cpp">
      <Filter>Contrib\openddl_parser</Filter>
    </ClCompile>
    <ClCompile Include="$(SolutionDir)\lib\assimp\contrib\openddlparser\code\OpenDDLCommon.cpp">
      <Filter>Contrib\openddl_parser</Filter>
    </ClCompile>
    <ClCompile Include="$(SolutionDir)\lib\assimp\contrib\openddlparser\code\OpenDDLExport.cpp">
      <Filter>Contrib\openddl_parser</Filter>
    </ClCompile>
    <ClCompile Include="$(SolutionDir)\lib\assimp\contrib\openddlparser\code\Value.cpp">
      <Filter>Contrib\openddl_parser</Filter>
    </ClCompile>
    <ClCompile Include="$(SolutionDir)\lib\assimp\contrib\openddlparser\code\OpenDDLStream.cpp">
      <Filter>Contrib\openddl_parser</Filter>
    </ClCompile>
    <ClCompile Include="$(SolutionDir)\lib\assimp\contrib\Open3DGC\o3dgcArithmeticCodec.cpp">
      <Filter>Contrib\open3dgc</Filter>
    </ClCompile>
    <ClCompile Include="$(SolutionDir)\lib\assimp\contrib\Open3DGC\o3dgcDynamicVectorDecoder.cpp">
      <Filter>Contrib\open3dgc</Filter>
    </ClCompile>
    <ClCompile Include="$(SolutionDir)\lib\assimp\contrib\Open3DGC\o3dgcDynamicVectorEncoder.cpp">
      <Filter>Contrib\open3dgc</Filter>
    </ClCompile>
    <ClCompile Include="$(SolutionDir)\lib\assimp\contrib\Open3DGC\o3dgcTools.cpp">
      <Filter>Contrib\open3dgc</Filter>
    </ClCompile>
    <ClCompile Include="$(SolutionDir)\lib\assimp\contrib\Open3DGC\o3dgcTriangleFans.cpp">
      <Filter>Contrib\open3dgc</Filter>
    </ClCompile>
    <ClCompile Include="$(SolutionDir)\lib\assimp\contrib\zip\src\zip.c">
      <Filter>ziplib</Filter>
    </ClCompile>
  </ItemGroup>
  <ItemGroup>
    <ClInclude Include="$(SolutionDir)\lib\assimp\code\CApi\CInterfaceIOWrapper.h">
      <Filter>CApi</Filter>
    </ClInclude>
    <ClInclude Include="$(SolutionDir)\lib\assimp\code\Common\StbCommon.h">
      <Filter>Common</Filter>
    </ClInclude>
    <ClInclude Include="$(SolutionDir)\lib\assimp\code\Common\Compression.h">
      <Filter>Common</Filter>
    </ClInclude>
    <ClInclude Include="$(SolutionDir)\lib\assimp\code\Common\BaseProcess.h">
      <Filter>Common</Filter>
    </ClInclude>
    <ClInclude Include="$(SolutionDir)\lib\assimp\code\Common\Importer.h">
      <Filter>Common</Filter>
    </ClInclude>
    <ClInclude Include="$(SolutionDir)\lib\assimp\code\Common\ScenePrivate.h">
      <Filter>Common</Filter>
    </ClInclude>
    <ClInclude Include="$(SolutionDir)\lib\assimp\code\Common\DefaultProgressHandler.h">
      <Filter>Common</Filter>
    </ClInclude>
    <ClInclude Include="$(SolutionDir)\lib\assimp\code\Common\PolyTools.h">
      <Filter>Common</Filter>
    </ClInclude>
    <ClInclude Include="$(SolutionDir)\lib\assimp\code\Common\Maybe.h">
      <Filter>Common</Filter>
    </ClInclude>
    <ClInclude Include="$(SolutionDir)\lib\assimp\code\Common\IFF.h">
      <Filter>Common</Filter>
    </ClInclude>
    <ClInclude Include="$(SolutionDir)\lib\assimp\code\Common\VertexTriangleAdjacency.h">
      <Filter>Common</Filter>
    </ClInclude>
    <ClInclude Include="$(SolutionDir)\lib\assimp\code\Common\ScenePreprocessor.h">
      <Filter>Common</Filter>
    </ClInclude>
    <ClInclude Include="$(SolutionDir)\lib\assimp\code\Common\TargetAnimation.h">
      <Filter>Common</Filter>
    </ClInclude>
    <ClInclude Include="$(SolutionDir)\lib\assimp\code\Common\simd.h">
      <Filter>Common</Filter>
    </ClInclude>
    <ClInclude Include="$(SolutionDir)\lib\assimp\code\Common\Win32DebugLogStream.h">
      <Filter>Logging</Filter>
    </ClInclude>
    <ClInclude Include="$(SolutionDir)\lib\assimp\code\Common\FileLogStream.h">
      <Filter>Logging</Filter>
    </ClInclude>
    <ClInclude Include="$(SolutionDir)\lib\assimp\code\Common\StdOStreamLogStream.h">
      <Filter>Logging</Filter>
    </ClInclude>
    <ClInclude Include="$(SolutionDir)\lib\assimp\code\PostProcessing\CalcTangentsProcess.h">
      <Filter>PostProcessing</Filter>
    </ClInclude>
    <ClInclude Include="$(SolutionDir)\lib\assimp\code\PostProcessing\ComputeUVMappingProcess.h">
      <Filter>PostProcessing</Filter>
    </ClInclude>
    <ClInclude Include="$(SolutionDir)\lib\assimp\code\PostProcessing\ConvertToLHProcess.h">
      <Filter>PostProcessing</Filter>
    </ClInclude>
    <ClInclude Include="$(SolutionDir)\lib\assimp\code\PostProcessing\EmbedTexturesProcess.h">
      <Filter>PostProcessing</Filter>
    </ClInclude>
    <ClInclude Include="$(SolutionDir)\lib\assimp\code\PostProcessing\FindDegenerates.h">
      <Filter>PostProcessing</Filter>
    </ClInclude>
    <ClInclude Include="$(SolutionDir)\lib\assimp\code\PostProcessing\FindInstancesProcess.h">
      <Filter>PostProcessing</Filter>
    </ClInclude>
    <ClInclude Include="$(SolutionDir)\lib\assimp\code\PostProcessing\FindInvalidDataProcess.h">
      <Filter>PostProcessing</Filter>
    </ClInclude>
    <ClInclude Include="$(SolutionDir)\lib\assimp\code\PostProcessing\FixNormalsStep.h">
      <Filter>PostProcessing</Filter>
    </ClInclude>
    <ClInclude Include="$(SolutionDir)\lib\assimp\code\PostProcessing\DropFaceNormalsProcess.h">
      <Filter>PostProcessing</Filter>
    </ClInclude>
    <ClInclude Include="$(SolutionDir)\lib\assimp\code\PostProcessing\GenFaceNormalsProcess.h">
      <Filter>PostProcessing</Filter>
    </ClInclude>
    <ClInclude Include="$(SolutionDir)\lib\assimp\code\PostProcessing\GenVertexNormalsProcess.h">
      <Filter>PostProcessing</Filter>
    </ClInclude>
    <ClInclude Include="$(SolutionDir)\lib\assimp\code\PostProcessing\PretransformVertices.h">
      <Filter>PostProcessing</Filter>
    </ClInclude>
    <ClInclude Include="$(SolutionDir)\lib\assimp\code\PostProcessing\ImproveCacheLocality.h">
      <Filter>PostProcessing</Filter>
    </ClInclude>
    <ClInclude Include="$(SolutionDir)\lib\assimp\code\PostProcessing\JoinVerticesProcess.h">
      <Filter>PostProcessing</Filter>
    </ClInclude>
    <ClInclude Include="$(SolutionDir)\lib\assimp\code\PostProcessing\LimitBoneWeightsProcess.h">
      <Filter>PostProcessing</Filter>
    </ClInclude>
    <ClInclude Include="$(SolutionDir)\lib\assimp\code\PostProcessing\RemoveRedundantMaterials.h">
      <Filter>PostProcessing</Filter>
    </ClInclude>
    <ClInclude Include="$(SolutionDir)\lib\assimp\code\PostProcessing\RemoveVCProcess.h">
      <Filter>PostProcessing</Filter>
    </ClInclude>
    <ClInclude Include="$(SolutionDir)\lib\assimp\code\PostProcessing\SortByPTypeProcess.h">
      <Filter>PostProcessing</Filter>
    </ClInclude>
    <ClInclude Include="$(SolutionDir)\lib\assimp\code\PostProcessing\SplitLargeMeshes.h">
      <Filter>PostProcessing</Filter>
    </ClInclude>
    <ClInclude Include="$(SolutionDir)\lib\assimp\code\PostProcessing\TextureTransform.h">
      <Filter>PostProcessing</Filter>
    </ClInclude>
    <ClInclude Include="$(SolutionDir)\lib\assimp\code\PostProcessing\TriangulateProcess.h">
      <Filter>PostProcessing</Filter>
    </ClInclude>
    <ClInclude Include="$(SolutionDir)\lib\assimp\code\PostProcessing\ValidateDataStructure.h">
      <Filter>PostProcessing</Filter>
    </ClInclude>
    <ClInclude Include="$(SolutionDir)\lib\assimp\code\PostProcessing\OptimizeGraph.h">
      <Filter>PostProcessing</Filter>
    </ClInclude>
    <ClInclude Include="$(SolutionDir)\lib\assimp\code\PostProcessing\OptimizeMeshes.h">
      <Filter>PostProcessing</Filter>
    </ClInclude>
    <ClInclude Include="$(SolutionDir)\lib\assimp\code\PostProcessing\DeboneProcess.h">
      <Filter>PostProcessing</Filter>
    </ClInclude>
    <ClInclude Include="$(SolutionDir)\lib\assimp\code\PostProcessing\ProcessHelper.h">
      <Filter>PostProcessing</Filter>
    </ClInclude>
    <ClInclude Include="$(SolutionDir)\lib\assimp\code\PostProcessing\MakeVerboseFormat.h">
      <Filter>PostProcessing</Filter>
    </ClInclude>
    <ClInclude Include="$(SolutionDir)\lib\assimp\code\PostProcessing\ScaleProcess.h">
      <Filter>PostProcessing</Filter>
    </ClInclude>
    <ClInclude Include="$(SolutionDir)\lib\assimp\code\PostProcessing\ArmaturePopulate.h">
      <Filter>PostProcessing</Filter>
    </ClInclude>
    <ClInclude Include="$(SolutionDir)\lib\assimp\code\PostProcessing\GenBoundingBoxesProcess.h">
      <Filter>PostProcessing</Filter>
    </ClInclude>
    <ClInclude Include="$(SolutionDir)\lib\assimp\code\PostProcessing\SplitByBoneCountProcess.h">
      <Filter>PostProcessing</Filter>
    </ClInclude>
    <ClInclude Include="$(SolutionDir)\lib\assimp\code\Material\MaterialSystem.h">
      <Filter>MaterialSystem</Filter>
    </ClInclude>
    <ClInclude Include="$(SolutionDir)\lib\assimp\code\AssetLib\STEPParser\STEPFileReader.h">
      <Filter>STEPParser</Filter>
    </ClInclude>
    <ClInclude Include="$(SolutionDir)\lib\assimp\code\AssetLib\STEPParser\STEPFileEncoding.h">
      <Filter>STEPParser</Filter>
    </ClInclude>
    <ClInclude Include="$(SolutionDir)\lib\assimp\code\AssetLib\AMF\AMFImporter.hpp">
      <Filter>AssetLib\AMF</Filter>
    </ClInclude>
    <ClInclude Include="$(SolutionDir)\lib\assimp\code\AssetLib\AMF\AMFImporter_Node.hpp">
      <Filter>AssetLib\AMF</Filter>
    </ClInclude>
    <ClInclude Include="$(SolutionDir)\lib\assimp\code\AssetLib\3DS\3DSHelper.h">
      <Filter>AssetLib\3DS</Filter>
    </ClInclude>
    <ClInclude Include="$(SolutionDir)\lib\assimp\code\AssetLib\3DS\3DSLoader.h">
      <Filter>AssetLib\3DS</Filter>
    </ClInclude>
    <ClInclude Include="$(SolutionDir)\lib\assimp\code\AssetLib\AC\ACLoader.h">
      <Filter>AssetLib\AC</Filter>
    </ClInclude>
    <ClInclude Include="$(SolutionDir)\lib\assimp\code\AssetLib\ASE\ASELoader.h">
      <Filter>AssetLib\ASE</Filter>
    </ClInclude>
    <ClInclude Include="$(SolutionDir)\lib\assimp\code\AssetLib\ASE\ASEParser.h">
      <Filter>AssetLib\ASE</Filter>
    </ClInclude>
    <ClInclude Include="$(SolutionDir)\lib\assimp\code\AssetLib\Assbin\AssbinLoader.h">
      <Filter>AssetLib\ASSBIN</Filter>
    </ClInclude>
    <ClInclude Include="$(SolutionDir)\lib\assimp\code\AssetLib\B3D\B3DImporter.h">
      <Filter>AssetLib\B3D</Filter>
    </ClInclude>
    <ClInclude Include="$(SolutionDir)\lib\assimp\code\AssetLib\BVH\BVHLoader.h">
      <Filter>AssetLib\BVH</Filter>
    </ClInclude>
    <ClInclude Include="$(SolutionDir)\lib\assimp\code\AssetLib\Collada\ColladaHelper.h">
      <Filter>AssetLib\COLLADA</Filter>
    </ClInclude>
    <ClInclude Include="$(SolutionDir)\lib\assimp\code\AssetLib\Collada\ColladaLoader.h">
      <Filter>AssetLib\COLLADA</Filter>
    </ClInclude>
    <ClInclude Include="$(SolutionDir)\lib\assimp\code\AssetLib\Collada\ColladaParser.h">
      <Filter>AssetLib\COLLADA</Filter>
    </ClInclude>
    <ClInclude Include="$(SolutionDir)\lib\assimp\code\AssetLib\DXF\DXFLoader.h">
      <Filter>AssetLib\DXF</Filter>
    </ClInclude>
    <ClInclude Include="$(SolutionDir)\lib\assimp\code\AssetLib\DXF\DXFHelper.h">
      <Filter>AssetLib\DXF</Filter>
    </ClInclude>
    <ClInclude Include="$(SolutionDir)\lib\assimp\code\AssetLib\CSM\CSMLoader.h">
      <Filter>AssetLib\CSM</Filter>
    </ClInclude>
    <ClInclude Include="$(SolutionDir)\lib\assimp\code\AssetLib\HMP\HMPFileData.h">
      <Filter>AssetLib\HMP</Filter>
    </ClInclude>
    <ClInclude Include="$(SolutionDir)\lib\assimp\code\AssetLib\HMP\HMPLoader.h">
      <Filter>AssetLib\HMP</Filter>
    </ClInclude>
    <ClInclude Include="$(SolutionDir)\lib\assimp\code\AssetLib\HMP\HalfLifeFileData.h">
      <Filter>AssetLib\HMP</Filter>
    </ClInclude>
    <ClInclude Include="$(SolutionDir)\lib\assimp\code\AssetLib\Irr\IRRMeshLoader.h">
      <Filter>AssetLib\IRRMESH</Filter>
    </ClInclude>
    <ClInclude Include="$(SolutionDir)\lib\assimp\code\AssetLib\Irr\IRRShared.h">
      <Filter>AssetLib\IRRMESH</Filter>
    </ClInclude>
    <ClInclude Include="$(SolutionDir)\lib\assimp\code\AssetLib\IQM\iqm.h">
      <Filter>AssetLib\IQM</Filter>
    </ClInclude>
    <ClInclude Include="$(SolutionDir)\lib\assimp\code\AssetLib\IQM\IQMImporter.h">
      <Filter>AssetLib\IQM</Filter>
    </ClInclude>
    <ClInclude Include="$(SolutionDir)\lib\assimp\code\AssetLib\Irr\IRRLoader.h">
      <Filter>AssetLib\IRR</Filter>
    </ClInclude>
    <ClInclude Include="$(SolutionDir)\lib\assimp\code\AssetLib\LWO\LWOAnimation.h">
      <Filter>AssetLib\LWO</Filter>
    </ClInclude>
    <ClInclude Include="$(SolutionDir)\lib\assimp\code\AssetLib\LWO\LWOFileData.h">
      <Filter>AssetLib\LWO</Filter>
    </ClInclude>
    <ClInclude Include="$(SolutionDir)\lib\assimp\code\AssetLib\LWO\LWOLoader.h">
      <Filter>AssetLib\LWO</Filter>
    </ClInclude>
    <ClInclude Include="$(SolutionDir)\lib\assimp\code\AssetLib\LWS\LWSLoader.h">
      <Filter>AssetLib\LWS</Filter>
    </ClInclude>
    <ClInclude Include="$(SolutionDir)\lib\assimp\code\AssetLib\M3D\M3DMaterials.h">
      <Filter>AssetLib\M3D</Filter>
    </ClInclude>
    <ClInclude Include="$(SolutionDir)\lib\assimp\code\AssetLib\M3D\M3DImporter.h">
      <Filter>AssetLib\M3D</Filter>
    </ClInclude>
    <ClInclude Include="$(SolutionDir)\lib\assimp\code\AssetLib\M3D\M3DWrapper.h">
      <Filter>AssetLib\M3D</Filter>
    </ClInclude>
    <ClInclude Include="$(SolutionDir)\lib\assimp\code\AssetLib\M3D\m3d.h">
      <Filter>AssetLib\M3D</Filter>
    </ClInclude>
    <ClInclude Include="$(SolutionDir)\lib\assimp\code\AssetLib\MD2\MD2FileData.h">
      <Filter>AssetLib\MD2</Filter>
    </ClInclude>
    <ClInclude Include="$(SolutionDir)\lib\assimp\code\AssetLib\MD2\MD2Loader.h">
      <Filter>AssetLib\MD2</Filter>
    </ClInclude>
    <ClInclude Include="$(SolutionDir)\lib\assimp\code\AssetLib\MD2\MD2NormalTable.h">
      <Filter>AssetLib\MD2</Filter>
    </ClInclude>
    <ClInclude Include="$(SolutionDir)\lib\assimp\code\AssetLib\MD3\MD3FileData.h">
      <Filter>AssetLib\MD3</Filter>
    </ClInclude>
    <ClInclude Include="$(SolutionDir)\lib\assimp\code\AssetLib\MD3\MD3Loader.h">
      <Filter>AssetLib\MD3</Filter>
    </ClInclude>
    <ClInclude Include="$(SolutionDir)\lib\assimp\code\AssetLib\MD5\MD5Loader.h">
      <Filter>AssetLib\MD5</Filter>
    </ClInclude>
    <ClInclude Include="$(SolutionDir)\lib\assimp\code\AssetLib\MD5\MD5Parser.h">
      <Filter>AssetLib\MD5</Filter>
    </ClInclude>
    <ClInclude Include="$(SolutionDir)\lib\assimp\code\AssetLib\MDC\MDCFileData.h">
      <Filter>AssetLib\MDC</Filter>
    </ClInclude>
    <ClInclude Include="$(SolutionDir)\lib\assimp\code\AssetLib\MDC\MDCLoader.h">
      <Filter>AssetLib\MDC</Filter>
    </ClInclude>
    <ClInclude Include="$(SolutionDir)\lib\assimp\code\AssetLib\MDC\MDCNormalTable.h">
      <Filter>AssetLib\MDC</Filter>
    </ClInclude>
    <ClInclude Include="$(SolutionDir)\lib\assimp\code\AssetLib\MDL\MDLDefaultColorMap.h">
      <Filter>AssetLib\MDL</Filter>
    </ClInclude>
    <ClInclude Include="$(SolutionDir)\lib\assimp\code\AssetLib\MDL\MDLFileData.h">
      <Filter>AssetLib\MDL</Filter>
    </ClInclude>
    <ClInclude Include="$(SolutionDir)\lib\assimp\code\AssetLib\MDL\MDLLoader.h">
      <Filter>AssetLib\MDL</Filter>
    </ClInclude>
    <ClInclude Include="$(SolutionDir)\lib\assimp\code\AssetLib\MDL\HalfLife\HalfLifeMDLBaseHeader.h">
      <Filter>AssetLib\MDL</Filter>
    </ClInclude>
    <ClInclude Include="$(SolutionDir)\lib\assimp\code\AssetLib\MDL\HalfLife\HL1FileData.h">
      <Filter>AssetLib\MDL</Filter>
    </ClInclude>
    <ClInclude Include="$(SolutionDir)\lib\assimp\code\AssetLib\MDL\HalfLife\HL1MDLLoader.h">
      <Filter>AssetLib\MDL</Filter>
    </ClInclude>
    <ClInclude Include="$(SolutionDir)\lib\assimp\code\AssetLib\MDL\HalfLife\HL1ImportDefinitions.h">
      <Filter>AssetLib\MDL</Filter>
    </ClInclude>
    <ClInclude Include="$(SolutionDir)\lib\assimp\code\AssetLib\MDL\HalfLife\HL1ImportSettings.h">
      <Filter>AssetLib\MDL</Filter>
    </ClInclude>
    <ClInclude Include="$(SolutionDir)\lib\assimp\code\AssetLib\MDL\HalfLife\HL1MeshTrivert.h">
      <Filter>AssetLib\MDL</Filter>
    </ClInclude>
    <ClInclude Include="$(SolutionDir)\lib\assimp\code\AssetLib\MDL\HalfLife\LogFunctions.h">
      <Filter>AssetLib\MDL</Filter>
    </ClInclude>
    <ClInclude Include="$(SolutionDir)\lib\assimp\code\AssetLib\MDL\HalfLife\UniqueNameGenerator.h">
      <Filter>AssetLib\MDL</Filter>
    </ClInclude>
    <ClInclude Include="$(SolutionDir)\lib\assimp\code\AssetLib\NFF\NFFLoader.h">
      <Filter>AssetLib\NFF</Filter>
    </ClInclude>
    <ClInclude Include="$(SolutionDir)\lib\assimp\code\AssetLib\NDO\NDOLoader.h">
      <Filter>AssetLib\NDO</Filter>
    </ClInclude>
    <ClInclude Include="$(SolutionDir)\lib\assimp\code\AssetLib\OFF\OFFLoader.h">
      <Filter>AssetLib\OFF</Filter>
    </ClInclude>
    <ClInclude Include="$(SolutionDir)\lib\assimp\code\AssetLib\Obj\ObjFileData.h">
      <Filter>AssetLib\OBJ</Filter>
    </ClInclude>
    <ClInclude Include="$(SolutionDir)\lib\assimp\code\AssetLib\Obj\ObjFileImporter.h">
      <Filter>AssetLib\OBJ</Filter>
    </ClInclude>
    <ClInclude Include="$(SolutionDir)\lib\assimp\code\AssetLib\Obj\ObjFileMtlImporter.h">
      <Filter>AssetLib\OBJ</Filter>
    </ClInclude>
    <ClInclude Include="$(SolutionDir)\lib\assimp\code\AssetLib\Obj\ObjFileParser.h">
      <Filter>AssetLib\OBJ</Filter>
    </ClInclude>
    <ClInclude Include="$(SolutionDir)\lib\assimp\code\AssetLib\Obj\ObjTools.h">
      <Filter>AssetLib\OBJ</Filter>
    </ClInclude>
    <ClInclude Include="$(SolutionDir)\lib\assimp\code\AssetLib\Ogre\OgreImporter.h">
      <Filter>AssetLib\OGRE</Filter>
    </ClInclude>
    <ClInclude Include="$(SolutionDir)\lib\assimp\code\AssetLib\Ogre\OgreStructs.h">
      <Filter>AssetLib\OGRE</Filter>
    </ClInclude>
    <ClInclude Include="$(SolutionDir)\lib\assimp\code\AssetLib\Ogre\OgreParsingUtils.h">
      <Filter>AssetLib\OGRE</Filter>
    </ClInclude>
    <ClInclude Include="$(SolutionDir)\lib\assimp\code\AssetLib\Ogre\OgreBinarySerializer.h">
      <Filter>AssetLib\OGRE</Filter>
    </ClInclude>
    <ClInclude Include="$(SolutionDir)\lib\assimp\code\AssetLib\Ogre\OgreXmlSerializer.h">
      <Filter>AssetLib\OGRE</Filter>
    </ClInclude>
    <ClInclude Include="$(SolutionDir)\lib\assimp\code\AssetLib\OpenGEX\OpenGEXImporter.h">
      <Filter>AssetLib\OPENGEX</Filter>
    </ClInclude>
    <ClInclude Include="$(SolutionDir)\lib\assimp\code\AssetLib\OpenGEX\OpenGEXStructs.h">
      <Filter>AssetLib\OPENGEX</Filter>
    </ClInclude>
    <ClInclude Include="$(SolutionDir)\lib\assimp\code\AssetLib\Ply\PlyLoader.h">
      <Filter>AssetLib\PLY</Filter>
    </ClInclude>
    <ClInclude Include="$(SolutionDir)\lib\assimp\code\AssetLib\Ply\PlyParser.h">
      <Filter>AssetLib\PLY</Filter>
    </ClInclude>
    <ClInclude Include="$(SolutionDir)\lib\assimp\code\AssetLib\MS3D\MS3DLoader.h">
      <Filter>AssetLib\MS3D</Filter>
    </ClInclude>
    <ClInclude Include="$(SolutionDir)\lib\assimp\code\AssetLib\COB\COBLoader.h">
      <Filter>AssetLib\COB</Filter>
    </ClInclude>
    <ClInclude Include="$(SolutionDir)\lib\assimp\code\AssetLib\COB\COBScene.h">
      <Filter>AssetLib\COB</Filter>
    </ClInclude>
    <ClInclude Include="$(SolutionDir)\lib\assimp\code\AssetLib\Blender\BlenderLoader.h">
      <Filter>AssetLib\BLEND</Filter>
    </ClInclude>
    <ClInclude Include="$(SolutionDir)\lib\assimp\code\AssetLib\Blender\BlenderDNA.h">
      <Filter>AssetLib\BLEND</Filter>
    </ClInclude>
    <ClInclude Include="$(SolutionDir)\lib\assimp\code\AssetLib\Blender\BlenderDNA.inl">
      <Filter>AssetLib\BLEND</Filter>
    </ClInclude>
    <ClInclude Include="$(SolutionDir)\lib\assimp\code\AssetLib\Blender\BlenderScene.h">
      <Filter>AssetLib\BLEND</Filter>
    </ClInclude>
    <ClInclude Include="$(SolutionDir)\lib\assimp\code\AssetLib\Blender\BlenderSceneGen.h">
      <Filter>AssetLib\BLEND</Filter>
    </ClInclude>
    <ClInclude Include="$(SolutionDir)\lib\assimp\code\AssetLib\Blender\BlenderIntermediate.h">
      <Filter>AssetLib\BLEND</Filter>
    </ClInclude>
    <ClInclude Include="$(SolutionDir)\lib\assimp\code\AssetLib\Blender\BlenderModifier.h">
      <Filter>AssetLib\BLEND</Filter>
    </ClInclude>
    <ClInclude Include="$(SolutionDir)\lib\assimp\code\AssetLib\Blender\BlenderBMesh.h">
      <Filter>AssetLib\BLEND</Filter>
    </ClInclude>
    <ClInclude Include="$(SolutionDir)\lib\assimp\code\AssetLib\Blender\BlenderTessellator.h">
      <Filter>AssetLib\BLEND</Filter>
    </ClInclude>
    <ClInclude Include="$(SolutionDir)\lib\assimp\code\AssetLib\Blender\BlenderCustomData.h">
      <Filter>AssetLib\BLEND</Filter>
    </ClInclude>
    <ClInclude Include="$(SolutionDir)\lib\assimp\code\AssetLib\IFC\IFCLoader.h">
      <Filter>AssetLib\IFC</Filter>
    </ClInclude>
    <ClInclude Include="$(SolutionDir)\lib\assimp\code\AssetLib\IFC\IFCReaderGen_2x3.h">
      <Filter>AssetLib\IFC</Filter>
    </ClInclude>
    <ClInclude Include="$(SolutionDir)\lib\assimp\code\AssetLib\IFC\IFCUtil.h">
      <Filter>AssetLib\IFC</Filter>
    </ClInclude>
    <ClInclude Include="$(SolutionDir)\lib\assimp\code\AssetLib\XGL\XGLLoader.h">
      <Filter>AssetLib\XGL</Filter>
    </ClInclude>
    <ClInclude Include="$(SolutionDir)\lib\assimp\code\AssetLib\FBX\FBXCompileConfig.h">
      <Filter>AssetLib\FBX</Filter>
    </ClInclude>
    <ClInclude Include="$(SolutionDir)\lib\assimp\code\AssetLib\FBX\FBXImporter.h">
      <Filter>AssetLib\FBX</Filter>
    </ClInclude>
    <ClInclude Include="$(SolutionDir)\lib\assimp\code\AssetLib\FBX\FBXParser.h">
      <Filter>AssetLib\FBX</Filter>
    </ClInclude>
    <ClInclude Include="$(SolutionDir)\lib\assimp\code\AssetLib\FBX\FBXTokenizer.h">
      <Filter>AssetLib\FBX</Filter>
    </ClInclude>
    <ClInclude Include="$(SolutionDir)\lib\assimp\code\AssetLib\FBX\FBXImportSettings.h">
      <Filter>AssetLib\FBX</Filter>
    </ClInclude>
    <ClInclude Include="$(SolutionDir)\lib\assimp\code\AssetLib\FBX\FBXConverter.h">
      <Filter>AssetLib\FBX</Filter>
    </ClInclude>
    <ClInclude Include="$(SolutionDir)\lib\assimp\code\AssetLib\FBX\FBXUtil.h">
      <Filter>AssetLib\FBX</Filter>
    </ClInclude>
    <ClInclude Include="$(SolutionDir)\lib\assimp\code\AssetLib\FBX\FBXDocument.h">
      <Filter>AssetLib\FBX</Filter>
    </ClInclude>
    <ClInclude Include="$(SolutionDir)\lib\assimp\code\AssetLib\FBX\FBXProperties.h">
      <Filter>AssetLib\FBX</Filter>
    </ClInclude>
    <ClInclude Include="$(SolutionDir)\lib\assimp\code\AssetLib\FBX\FBXMeshGeometry.h">
      <Filter>AssetLib\FBX</Filter>
    </ClInclude>
    <ClInclude Include="$(SolutionDir)\lib\assimp\code\AssetLib\FBX\FBXCommon.h">
      <Filter>AssetLib\FBX</Filter>
    </ClInclude>
    <ClInclude Include="$(SolutionDir)\lib\assimp\code\AssetLib\Q3D\Q3DLoader.h">
      <Filter>AssetLib\Q3D</Filter>
    </ClInclude>
    <ClInclude Include="$(SolutionDir)\lib\assimp\code\AssetLib\Q3BSP\Q3BSPFileData.h">
      <Filter>AssetLib\Q3BSP</Filter>
    </ClInclude>
    <ClInclude Include="$(SolutionDir)\lib\assimp\code\AssetLib\Q3BSP\Q3BSPFileParser.h">
      <Filter>AssetLib\Q3BSP</Filter>
    </ClInclude>
    <ClInclude Include="$(SolutionDir)\lib\assimp\code\AssetLib\Q3BSP\Q3BSPFileImporter.h">
      <Filter>AssetLib\Q3BSP</Filter>
    </ClInclude>
    <ClInclude Include="$(SolutionDir)\lib\assimp\code\AssetLib\Raw\RawLoader.h">
      <Filter>AssetLib\RAW</Filter>
    </ClInclude>
    <ClInclude Include="$(SolutionDir)\lib\assimp\code\AssetLib\SIB\SIBImporter.h">
      <Filter>AssetLib\SIB</Filter>
    </ClInclude>
    <ClInclude Include="$(SolutionDir)\lib\assimp\code\AssetLib\SMD\SMDLoader.h">
      <Filter>AssetLib\SMD</Filter>
    </ClInclude>
    <ClInclude Include="$(SolutionDir)\lib\assimp\code\AssetLib\STL\STLLoader.h">
      <Filter>AssetLib\STL</Filter>
    </ClInclude>
    <ClInclude Include="$(SolutionDir)\lib\assimp\code\AssetLib\Terragen\TerragenLoader.h">
      <Filter>AssetLib\TERRAGEN</Filter>
    </ClInclude>
    <ClInclude Include="$(SolutionDir)\lib\assimp\code\AssetLib\Unreal\UnrealLoader.h">
      <Filter>AssetLib\3D</Filter>
    </ClInclude>
    <ClInclude Include="$(SolutionDir)\lib\assimp\code\AssetLib\X\XFileHelper.h">
      <Filter>AssetLib\X</Filter>
    </ClInclude>
    <ClInclude Include="$(SolutionDir)\lib\assimp\code\AssetLib\X\XFileImporter.h">
      <Filter>AssetLib\X</Filter>
    </ClInclude>
    <ClInclude Include="$(SolutionDir)\lib\assimp\code\AssetLib\X\XFileParser.h">
      <Filter>AssetLib\X</Filter>
    </ClInclude>
    <ClInclude Include="$(SolutionDir)\lib\assimp\code\AssetLib\X3D\X3DImporter.hpp">
      <Filter>AssetLib\X3D</Filter>
    </ClInclude>
    <ClInclude Include="$(SolutionDir)\lib\assimp\code\AssetLib\X3D\X3DImporter_Macro.hpp">
      <Filter>AssetLib\X3D</Filter>
    </ClInclude>
    <ClInclude Include="$(SolutionDir)\lib\assimp\code\AssetLib\X3D\X3DImporter_Node.hpp">
      <Filter>AssetLib\X3D</Filter>
    </ClInclude>
    <ClInclude Include="$(SolutionDir)\lib\assimp\code\AssetLib\X3D\X3DGeoHelper.h">
      <Filter>AssetLib\X3D</Filter>
    </ClInclude>
    <ClInclude Include="$(SolutionDir)\lib\assimp\code\AssetLib\X3D\X3DXmlHelper.h">
      <Filter>AssetLib\X3D</Filter>
    </ClInclude>
    <ClInclude Include="$(SolutionDir)\lib\assimp\code\AssetLib\glTF\glTFCommon.h">
      <Filter>AssetLib\GLTF</Filter>
    </ClInclude>
    <ClInclude Include="$(SolutionDir)\lib\assimp\code\AssetLib\glTF\glTFAsset.h">
      <Filter>AssetLib\GLTF</Filter>
    </ClInclude>
    <ClInclude Include="$(SolutionDir)\lib\assimp\code\AssetLib\glTF\glTFAsset.inl">
      <Filter>AssetLib\GLTF</Filter>
    </ClInclude>
    <ClInclude Include="$(SolutionDir)\lib\assimp\code\AssetLib\glTF\glTFAssetWriter.h">
      <Filter>AssetLib\GLTF</Filter>
    </ClInclude>
    <ClInclude Include="$(SolutionDir)\lib\assimp\code\AssetLib\glTF\glTFAssetWriter.inl">
      <Filter>AssetLib\GLTF</Filter>
    </ClInclude>
    <ClInclude Include="$(SolutionDir)\lib\assimp\code\AssetLib\glTF\glTFImporter.h">
      <Filter>AssetLib\GLTF</Filter>
    </ClInclude>
    <ClInclude Include="$(SolutionDir)\lib\assimp\code\AssetLib\glTF2\glTF2Asset.h">
      <Filter>AssetLib\GLTF</Filter>
    </ClInclude>
    <ClInclude Include="$(SolutionDir)\lib\assimp\code\AssetLib\glTF2\glTF2Asset.inl">
      <Filter>AssetLib\GLTF</Filter>
    </ClInclude>
    <ClInclude Include="$(SolutionDir)\lib\assimp\code\AssetLib\glTF2\glTF2AssetWriter.h">
      <Filter>AssetLib\GLTF</Filter>
    </ClInclude>
    <ClInclude Include="$(SolutionDir)\lib\assimp\code\AssetLib\glTF2\glTF2AssetWriter.inl">
      <Filter>AssetLib\GLTF</Filter>
    </ClInclude>
    <ClInclude Include="$(SolutionDir)\lib\assimp\code\AssetLib\glTF2\glTF2Importer.h">
      <Filter>AssetLib\GLTF</Filter>
    </ClInclude>
    <ClInclude Include="$(SolutionDir)\lib\assimp\code\AssetLib\3MF\3MFTypes.h">
      <Filter>AssetLib\3MF</Filter>
    </ClInclude>
    <ClInclude Include="$(SolutionDir)\lib\assimp\code\AssetLib\3MF\XmlSerializer.h">
      <Filter>AssetLib\3MF</Filter>
    </ClInclude>
    <ClInclude Include="$(SolutionDir)\lib\assimp\code\AssetLib\3MF\D3MFImporter.h">
      <Filter>AssetLib\3MF</Filter>
    </ClInclude>
    <ClInclude Include="$(SolutionDir)\lib\assimp\code\AssetLib\3MF\D3MFOpcPackage.h">
      <Filter>AssetLib\3MF</Filter>
    </ClInclude>
    <ClInclude Include="$(SolutionDir)\lib\assimp\code\AssetLib\3MF\3MFXmlTags.h">
      <Filter>AssetLib\3MF</Filter>
    </ClInclude>
    <ClInclude Include="$(SolutionDir)\lib\assimp\code\AssetLib\MMD\MMDCpp14.h">
      <Filter>AssetLib\MMD</Filter>
    </ClInclude>
    <ClInclude Include="$(SolutionDir)\lib\assimp\code\AssetLib\MMD\MMDImporter.h">
      <Filter>AssetLib\MMD</Filter>
    </ClInclude>
    <ClInclude Include="$(SolutionDir)\lib\assimp\code\AssetLib\MMD\MMDPmdParser.h">
      <Filter>AssetLib\MMD</Filter>
    </ClInclude>
    <ClInclude Include="$(SolutionDir)\lib\assimp\code\AssetLib\MMD\MMDPmxParser.h">
      <Filter>AssetLib\MMD</Filter>
    </ClInclude>
    <ClInclude Include="$(SolutionDir)\lib\assimp\code\AssetLib\MMD\MMDVmdParser.h">
      <Filter>AssetLib\MMD</Filter>
    </ClInclude>
    <ClInclude Include="$(SolutionDir)\lib\assimp\code\AssetLib\Obj\ObjExporter.h">
      <Filter>AssetLib\OBJ</Filter>
    </ClInclude>
    <ClInclude Include="$(SolutionDir)\lib\assimp\code\AssetLib\OpenGEX\OpenGEXExporter.h">
      <Filter>AssetLib\OPENGEX</Filter>
    </ClInclude>
    <ClInclude Include="$(SolutionDir)\lib\assimp\code\AssetLib\Ply\PlyExporter.h">
      <Filter>AssetLib\PLY</Filter>
    </ClInclude>
    <ClInclude Include="$(SolutionDir)\lib\assimp\code\AssetLib\3DS\3DSExporter.h">
      <Filter>AssetLib\3DS</Filter>
    </ClInclude>
    <ClInclude Include="$(SolutionDir)\lib\assimp\code\AssetLib\Assbin\AssbinExporter.h">
      <Filter>AssetLib\ASSBIN</Filter>
    </ClInclude>
    <ClInclude Include="$(SolutionDir)\lib\assimp\code\AssetLib\Assbin\AssbinFileWriter.h">
      <Filter>AssetLib\ASSBIN</Filter>
    </ClInclude>
    <ClInclude Include="$(SolutionDir)\lib\assimp\code\AssetLib\Assxml\AssxmlExporter.h">
      <Filter>AssetLib\ASSXML</Filter>
    </ClInclude>
    <ClInclude Include="$(SolutionDir)\lib\assimp\code\AssetLib\Assxml\AssxmlFileWriter.h">
      <Filter>AssetLib\ASSXML</Filter>
    </ClInclude>
    <ClInclude Include="$(SolutionDir)\lib\assimp\code\AssetLib\M3D\M3DExporter.h">
      <Filter>AssetLib\M3D</Filter>
    </ClInclude>
    <ClInclude Include="$(SolutionDir)\lib\assimp\code\AssetLib\Collada\ColladaExporter.h">
      <Filter>AssetLib\COLLADA</Filter>
    </ClInclude>
    <ClInclude Include="$(SolutionDir)\lib\assimp\code\AssetLib\FBX\FBXExporter.h">
      <Filter>AssetLib\FBX</Filter>
    </ClInclude>
    <ClInclude Include="$(SolutionDir)\lib\assimp\code\AssetLib\FBX\FBXExportNode.h">
      <Filter>AssetLib\FBX</Filter>
    </ClInclude>
    <ClInclude Include="$(SolutionDir)\lib\assimp\code\AssetLib\FBX\FBXExportProperty.h">
      <Filter>AssetLib\FBX</Filter>
    </ClInclude>
    <ClInclude Include="$(SolutionDir)\lib\assimp\code\AssetLib\STL\STLExporter.h">
      <Filter>AssetLib\STL</Filter>
    </ClInclude>
    <ClInclude Include="$(SolutionDir)\lib\assimp\code\AssetLib\X\XFileExporter.h">
      <Filter>AssetLib\X</Filter>
    </ClInclude>
    <ClInclude Include="$(SolutionDir)\lib\assimp\code\AssetLib\X3D\X3DExporter.hpp">
      <Filter>AssetLib\X3D</Filter>
    </ClInclude>
    <ClInclude Include="$(SolutionDir)\lib\assimp\code\AssetLib\glTF\glTFExporter.h">
      <Filter>AssetLib\GLTF</Filter>
    </ClInclude>
    <ClInclude Include="$(SolutionDir)\lib\assimp\code\AssetLib\glTF2\glTF2Exporter.h">
      <Filter>AssetLib\GLTF</Filter>
    </ClInclude>
    <ClInclude Include="$(SolutionDir)\lib\assimp\code\AssetLib\3MF\D3MFExporter.h">
      <Filter>AssetLib\3MF</Filter>
    </ClInclude>
    <ClInclude Include="$(SolutionDir)\lib\assimp\code\Pbrt\PbrtExporter.h">
      <Filter>AssetLib\PBRT</Filter>
    </ClInclude>
    <ClInclude Include="$(SolutionDir)\lib\assimp\code\AssetLib\Assjson\cencode.h">
      <Filter>AssetLib\ASSJSON</Filter>
    </ClInclude>
    <ClInclude Include="$(SolutionDir)\lib\assimp\code\AssetLib\Assjson\mesh_splitter.h">
      <Filter>AssetLib\ASSJSON</Filter>
    </ClInclude>
    <ClInclude Include="$(SolutionDir)\lib\assimp\code\AssetLib\Step\StepExporter.h">
      <Filter>AssetLib\STEP</Filter>
    </ClInclude>
    <ClInclude Include="$(SolutionDir)\lib\assimp\contrib\unzip\crypt.h">
      <Filter>Contrib\unzip</Filter>
    </ClInclude>
    <ClInclude Include="$(SolutionDir)\lib\assimp\contrib\unzip\ioapi.h">
      <Filter>Contrib\unzip</Filter>
    </ClInclude>
    <ClInclude Include="$(SolutionDir)\lib\assimp\contrib\unzip\unzip.h">
      <Filter>Contrib\unzip</Filter>
    </ClInclude>
    <ClInclude Include="$(SolutionDir)\lib\assimp\contrib\poly2tri\poly2tri\common\shapes.h">
      <Filter>Contrib\Poly2Tri</Filter>
    </ClInclude>
    <ClInclude Include="$(SolutionDir)\lib\assimp\contrib\poly2tri\poly2tri\common\utils.h">
      <Filter>Contrib\Poly2Tri</Filter>
    </ClInclude>
    <ClInclude Include="$(SolutionDir)\lib\assimp\contrib\poly2tri\poly2tri\sweep\advancing_front.h">
      <Filter>Contrib\Poly2Tri</Filter>
    </ClInclude>
    <ClInclude Include="$(SolutionDir)\lib\assimp\contrib\poly2tri\poly2tri\sweep\cdt.h">
      <Filter>Contrib\Poly2Tri</Filter>
    </ClInclude>
    <ClInclude Include="$(SolutionDir)\lib\assimp\contrib\poly2tri\poly2tri\sweep\sweep.h">
      <Filter>Contrib\Poly2Tri</Filter>
    </ClInclude>
    <ClInclude Include="$(SolutionDir)\lib\assimp\contrib\poly2tri\poly2tri\sweep\sweep_context.h">
      <Filter>Contrib\Poly2Tri</Filter>
    </ClInclude>
    <ClInclude Include="$(SolutionDir)\lib\assimp\contrib\clipper\clipper.hpp">
      <Filter>Contrib\Clipper</Filter>
    </ClInclude>
    <ClInclude Include="$(SolutionDir)\lib\assimp\contrib\openddlparser\include\openddlparser\OpenDDLParser.h">
      <Filter>Contrib\openddl_parser</Filter>
    </ClInclude>
    <ClInclude Include="$(SolutionDir)\lib\assimp\contrib\openddlparser\include\openddlparser\OpenDDLParserUtils.h">
      <Filter>Contrib\openddl_parser</Filter>
    </ClInclude>
    <ClInclude Include="$(SolutionDir)\lib\assimp\contrib\openddlparser\include\openddlparser\OpenDDLCommon.h">
      <Filter>Contrib\openddl_parser</Filter>
    </ClInclude>
    <ClInclude Include="$(SolutionDir)\lib\assimp\contrib\openddlparser\include\openddlparser\OpenDDLExport.h">
      <Filter>Contrib\openddl_parser</Filter>
    </ClInclude>
    <ClInclude Include="$(SolutionDir)\lib\assimp\contrib\openddlparser\include\openddlparser\OpenDDLStream.h">
      <Filter>Contrib\openddl_parser</Filter>
    </ClInclude>
    <ClInclude Include="$(SolutionDir)\lib\assimp\contrib\openddlparser\include\openddlparser\DDLNode.h">
      <Filter>Contrib\openddl_parser</Filter>
    </ClInclude>
    <ClInclude Include="$(SolutionDir)\lib\assimp\contrib\openddlparser\include\openddlparser\Value.h">
      <Filter>Contrib\openddl_parser</Filter>
    </ClInclude>
    <ClInclude Include="$(SolutionDir)\lib\assimp\contrib\Open3DGC\o3dgcAdjacencyInfo.h">
      <Filter>Contrib\open3dgc</Filter>
    </ClInclude>
    <ClInclude Include="$(SolutionDir)\lib\assimp\contrib\Open3DGC\o3dgcArithmeticCodec.h">
      <Filter>Contrib\open3dgc</Filter>
    </ClInclude>
    <ClInclude Include="$(SolutionDir)\lib\assimp\contrib\Open3DGC\o3dgcBinaryStream.h">
      <Filter>Contrib\open3dgc</Filter>
    </ClInclude>
    <ClInclude Include="$(SolutionDir)\lib\assimp\contrib\Open3DGC\o3dgcCommon.h">
      <Filter>Contrib\open3dgc</Filter>
    </ClInclude>
    <ClInclude Include="$(SolutionDir)\lib\assimp\contrib\Open3DGC\o3dgcDVEncodeParams.h">
      <Filter>Contrib\open3dgc</Filter>
    </ClInclude>
    <ClInclude Include="$(SolutionDir)\lib\assimp\contrib\Open3DGC\o3dgcDynamicVectorDecoder.h">
      <Filter>Contrib\open3dgc</Filter>
    </ClInclude>
    <ClInclude Include="$(SolutionDir)\lib\assimp\contrib\Open3DGC\o3dgcDynamicVectorEncoder.h">
      <Filter>Contrib\open3dgc</Filter>
    </ClInclude>
    <ClInclude Include="$(SolutionDir)\lib\assimp\contrib\Open3DGC\o3dgcDynamicVector.h">
      <Filter>Contrib\open3dgc</Filter>
    </ClInclude>
    <ClInclude Include="$(SolutionDir)\lib\assimp\contrib\Open3DGC\o3dgcFIFO.h">
      <Filter>Contrib\open3dgc</Filter>
    </ClInclude>
    <ClInclude Include="$(SolutionDir)\lib\assimp\contrib\Open3DGC\o3dgcIndexedFaceSet.h">
      <Filter>Contrib\open3dgc</Filter>
    </ClInclude>
    <ClInclude Include="$(SolutionDir)\lib\assimp\contrib\Open3DGC\o3dgcIndexedFaceSet.inl">
      <Filter>Contrib\open3dgc</Filter>
    </ClInclude>
    <ClInclude Include="$(SolutionDir)\lib\assimp\contrib\Open3DGC\o3dgcSC3DMCDecoder.h">
      <Filter>Contrib\open3dgc</Filter>
    </ClInclude>
    <ClInclude Include="$(SolutionDir)\lib\assimp\contrib\Open3DGC\o3dgcSC3DMCDecoder.inl">
      <Filter>Contrib\open3dgc</Filter>
    </ClInclude>
    <ClInclude Include="$(SolutionDir)\lib\assimp\contrib\Open3DGC\o3dgcSC3DMCEncodeParams.h">
      <Filter>Contrib\open3dgc</Filter>
    </ClInclude>
    <ClInclude Include="$(SolutionDir)\lib\assimp\contrib\Open3DGC\o3dgcSC3DMCEncoder.h">
      <Filter>Contrib\open3dgc</Filter>
    </ClInclude>
    <ClInclude Include="$(SolutionDir)\lib\assimp\contrib\Open3DGC\o3dgcSC3DMCEncoder.inl">
      <Filter>Contrib\open3dgc</Filter>
    </ClInclude>
    <ClInclude Include="$(SolutionDir)\lib\assimp\contrib\Open3DGC\o3dgcTimer.h">
      <Filter>Contrib\open3dgc</Filter>
    </ClInclude>
    <ClInclude Include="$(SolutionDir)\lib\assimp\contrib\Open3DGC\o3dgcTriangleFans.h">
      <Filter>Contrib\open3dgc</Filter>
    </ClInclude>
    <ClInclude Include="$(SolutionDir)\lib\assimp\contrib\Open3DGC\o3dgcTriangleListDecoder.h">
      <Filter>Contrib\open3dgc</Filter>
    </ClInclude>
    <ClInclude Include="$(SolutionDir)\lib\assimp\contrib\Open3DGC\o3dgcTriangleListDecoder.inl">
      <Filter>Contrib\open3dgc</Filter>
    </ClInclude>
    <ClInclude Include="$(SolutionDir)\lib\assimp\contrib\Open3DGC\o3dgcTriangleListEncoder.h">
      <Filter>Contrib\open3dgc</Filter>
    </ClInclude>
    <ClInclude Include="$(SolutionDir)\lib\assimp\contrib\Open3DGC\o3dgcTriangleListEncoder.inl">
      <Filter>Contrib\open3dgc</Filter>
    </ClInclude>
    <ClInclude Include="$(SolutionDir)\lib\assimp\contrib\Open3DGC\o3dgcVector.h">
      <Filter>Contrib\open3dgc</Filter>
    </ClInclude>
    <ClInclude Include="$(SolutionDir)\lib\assimp\contrib\Open3DGC\o3dgcVector.inl">
      <Filter>Contrib\open3dgc</Filter>
    </ClInclude>
    <ClInclude Include="$(SolutionDir)\lib\assimp\contrib\zip\src\miniz.h">
      <Filter>ziplib</Filter>
    </ClInclude>
    <ClInclude Include="$(SolutionDir)\lib\assimp\contrib\zip\src\zip.h">
      <Filter>ziplib</Filter>
    </ClInclude>
    <ClInclude Include="$(SolutionDir)\lib\assimp\contrib\pugixml\src\pugiconfig.hpp">
      <Filter>Contrib\Pugixml</Filter>
    </ClInclude>
    <ClInclude Include="$(SolutionDir)\lib\assimp\contrib\pugixml\src\pugixml.hpp">
      <Filter>Contrib\Pugixml</Filter>
    </ClInclude>
    <ClInclude Include="$(SolutionDir)\lib\assimp\contrib\stb\stb_image.h">
      <Filter>Contrib\stb</Filter>
    </ClInclude>
    <ClInclude Include="$(SolutionDir)\lib\assimp\include\assimp\anim.h">
      <Filter>include\assimp</Filter>
    </ClInclude>
    <ClInclude Include="$(SolutionDir)\lib\assimp\include\assimp\aabb.h">
      <Filter>include\assimp</Filter>
    </ClInclude>
    <ClInclude Include="$(SolutionDir)\lib\assimp\include\assimp\ai_assert.h">
      <Filter>include\assimp</Filter>
    </ClInclude>
    <ClInclude Include="$(SolutionDir)\lib\assimp\include\assimp\camera.h">
      <Filter>include\assimp</Filter>
    </ClInclude>
    <ClInclude Include="$(SolutionDir)\lib\assimp\include\assimp\color4.h">
      <Filter>include\assimp</Filter>
    </ClInclude>
    <ClInclude Include="$(SolutionDir)\lib\assimp\include\assimp\color4.inl">
      <Filter>include\assimp</Filter>
    </ClInclude>
    <ClInclude Include="$(SolutionDir)\lib\assimp\include\assimp\config.h">
      <Filter>include\assimp</Filter>
    </ClInclude>
    <ClInclude Include="$(SolutionDir)\lib\assimp\include\assimp\ColladaMetaData.h">
      <Filter>include\assimp</Filter>
    </ClInclude>
    <ClInclude Include="$(SolutionDir)\lib\assimp\include\assimp\commonMetaData.h">
      <Filter>include\assimp</Filter>
    </ClInclude>
    <ClInclude Include="$(SolutionDir)\lib\assimp\include\assimp\defs.h">
      <Filter>include\assimp</Filter>
    </ClInclude>
    <ClInclude Include="$(SolutionDir)\lib\assimp\include\assimp\cfileio.h">
      <Filter>include\assimp</Filter>
    </ClInclude>
    <ClInclude Include="$(SolutionDir)\lib\assimp\include\assimp\light.h">
      <Filter>include\assimp</Filter>
    </ClInclude>
    <ClInclude Include="$(SolutionDir)\lib\assimp\include\assimp\material.h">
      <Filter>include\assimp</Filter>
    </ClInclude>
    <ClInclude Include="$(SolutionDir)\lib\assimp\include\assimp\material.inl">
      <Filter>include\assimp</Filter>
    </ClInclude>
    <ClInclude Include="$(SolutionDir)\lib\assimp\include\assimp\matrix3x3.h">
      <Filter>include\assimp</Filter>
    </ClInclude>
    <ClInclude Include="$(SolutionDir)\lib\assimp\include\assimp\matrix3x3.inl">
      <Filter>include\assimp</Filter>
    </ClInclude>
    <ClInclude Include="$(SolutionDir)\lib\assimp\include\assimp\matrix4x4.h">
      <Filter>include\assimp</Filter>
    </ClInclude>
    <ClInclude Include="$(SolutionDir)\lib\assimp\include\assimp\matrix4x4.inl">
      <Filter>include\assimp</Filter>
    </ClInclude>
    <ClInclude Include="$(SolutionDir)\lib\assimp\include\assimp\mesh.h">
      <Filter>include\assimp</Filter>
    </ClInclude>
    <ClInclude Include="$(SolutionDir)\lib\assimp\include\assimp\ObjMaterial.h">
      <Filter>include\assimp</Filter>
    </ClInclude>
    <ClInclude Include="$(SolutionDir)\lib\assimp\include\assimp\pbrmaterial.h">
      <Filter>include\assimp</Filter>
    </ClInclude>
    <ClInclude Include="$(SolutionDir)\lib\assimp\include\assimp\GltfMaterial.h">
      <Filter>include\assimp</Filter>
    </ClInclude>
    <ClInclude Include="$(SolutionDir)\lib\assimp\include\assimp\postprocess.h">
      <Filter>include\assimp</Filter>
    </ClInclude>
    <ClInclude Include="$(SolutionDir)\lib\assimp\include\assimp\quaternion.h">
      <Filter>include\assimp</Filter>
    </ClInclude>
    <ClInclude Include="$(SolutionDir)\lib\assimp\include\assimp\quaternion.inl">
      <Filter>include\assimp</Filter>
    </ClInclude>
    <ClInclude Include="$(SolutionDir)\lib\assimp\include\assimp\scene.h">
      <Filter>include\assimp</Filter>
    </ClInclude>
    <ClInclude Include="$(SolutionDir)\lib\assimp\include\assimp\metadata.h">
      <Filter>include\assimp</Filter>
    </ClInclude>
    <ClInclude Include="$(SolutionDir)\lib\assimp\include\assimp\texture.h">
      <Filter>include\assimp</Filter>
    </ClInclude>
    <ClInclude Include="$(SolutionDir)\lib\assimp\include\assimp\types.h">
      <Filter>include\assimp</Filter>
    </ClInclude>
    <ClInclude Include="$(SolutionDir)\lib\assimp\include\assimp\vector2.h">
      <Filter>include\assimp</Filter>
    </ClInclude>
    <ClInclude Include="$(SolutionDir)\lib\assimp\include\assimp\vector2.inl">
      <Filter>include\assimp</Filter>
    </ClInclude>
    <ClInclude Include="$(SolutionDir)\lib\assimp\include\assimp\vector3.h">
      <Filter>include\assimp</Filter>
    </ClInclude>
    <ClInclude Include="$(SolutionDir)\lib\assimp\include\assimp\vector3.inl">
      <Filter>include\assimp</Filter>
    </ClInclude>
    <ClInclude Include="$(SolutionDir)\lib\assimp\include\assimp\version.h">
      <Filter>include\assimp</Filter>
    </ClInclude>
    <ClInclude Include="$(SolutionDir)\lib\assimp\include\assimp\cimport.h">
      <Filter>include\assimp</Filter>
    </ClInclude>
    <ClInclude Include="$(SolutionDir)\lib\assimp\include\assimp\importerdesc.h">
      <Filter>include\assimp</Filter>
    </ClInclude>
    <ClInclude Include="$(SolutionDir)\lib\assimp\include\assimp\Importer.hpp">
      <Filter>include\assimp</Filter>
    </ClInclude>
    <ClInclude Include="$(SolutionDir)\lib\assimp\include\assimp\ProgressHandler.hpp">
      <Filter>include\assimp</Filter>
    </ClInclude>
    <ClInclude Include="$(SolutionDir)\lib\assimp\include\assimp\IOStream.hpp">
      <Filter>include\assimp</Filter>
    </ClInclude>
    <ClInclude Include="$(SolutionDir)\lib\assimp\include\assimp\IOSystem.hpp">
      <Filter>include\assimp</Filter>
    </ClInclude>
    <ClInclude Include="$(SolutionDir)\lib\assimp\include\assimp\cexport.h">
      <Filter>include\assimp</Filter>
    </ClInclude>
    <ClInclude Include="$(SolutionDir)\lib\assimp\include\assimp\Exporter.hpp">
      <Filter>include\assimp</Filter>
    </ClInclude>
    <ClInclude Include="$(SolutionDir)\lib\assimp\include\assimp\DefaultIOStream.h">
      <Filter>include\assimp</Filter>
    </ClInclude>
    <ClInclude Include="$(SolutionDir)\lib\assimp\include\assimp\DefaultIOSystem.h">
      <Filter>include\assimp</Filter>
    </ClInclude>
    <ClInclude Include="$(SolutionDir)\lib\assimp\include\assimp\ZipArchiveIOSystem.h">
      <Filter>include\assimp</Filter>
    </ClInclude>
    <ClInclude Include="$(SolutionDir)\lib\assimp\include\assimp\SceneCombiner.h">
      <Filter>include\assimp</Filter>
    </ClInclude>
    <ClInclude Include="$(SolutionDir)\lib\assimp\include\assimp\fast_atof.h">
      <Filter>include\assimp</Filter>
    </ClInclude>
    <ClInclude Include="$(SolutionDir)\lib\assimp\include\assimp\qnan.h">
      <Filter>include\assimp</Filter>
    </ClInclude>
    <ClInclude Include="$(SolutionDir)\lib\assimp\include\assimp\BaseImporter.h">
      <Filter>include\assimp</Filter>
    </ClInclude>
    <ClInclude Include="$(SolutionDir)\lib\assimp\include\assimp\Hash.h">
      <Filter>include\assimp</Filter>
    </ClInclude>
    <ClInclude Include="$(SolutionDir)\lib\assimp\include\assimp\MemoryIOWrapper.h">
      <Filter>include\assimp</Filter>
    </ClInclude>
    <ClInclude Include="$(SolutionDir)\lib\assimp\include\assimp\ParsingUtils.h">
      <Filter>include\assimp</Filter>
    </ClInclude>
    <ClInclude Include="$(SolutionDir)\lib\assimp\include\assimp\StreamReader.h">
      <Filter>include\assimp</Filter>
    </ClInclude>
    <ClInclude Include="$(SolutionDir)\lib\assimp\include\assimp\StreamWriter.h">
      <Filter>include\assimp</Filter>
    </ClInclude>
    <ClInclude Include="$(SolutionDir)\lib\assimp\include\assimp\StringComparison.h">
      <Filter>include\assimp</Filter>
    </ClInclude>
    <ClInclude Include="$(SolutionDir)\lib\assimp\include\assimp\StringUtils.h">
      <Filter>include\assimp</Filter>
    </ClInclude>
    <ClInclude Include="$(SolutionDir)\lib\assimp\include\assimp\SGSpatialSort.h">
      <Filter>include\assimp</Filter>
    </ClInclude>
    <ClInclude Include="$(SolutionDir)\lib\assimp\include\assimp\GenericProperty.h">
      <Filter>include\assimp</Filter>
    </ClInclude>
    <ClInclude Include="$(SolutionDir)\lib\assimp\include\assimp\SpatialSort.h">
      <Filter>include\assimp</Filter>
    </ClInclude>
    <ClInclude Include="$(SolutionDir)\lib\assimp\include\assimp\SkeletonMeshBuilder.h">
      <Filter>include\assimp</Filter>
    </ClInclude>
    <ClInclude Include="$(SolutionDir)\lib\assimp\include\assimp\SmallVector.h">
      <Filter>include\assimp</Filter>
    </ClInclude>
    <ClInclude Include="$(SolutionDir)\lib\assimp\include\assimp\SmoothingGroups.h">
      <Filter>include\assimp</Filter>
    </ClInclude>
    <ClInclude Include="$(SolutionDir)\lib\assimp\include\assimp\SmoothingGroups.inl">
      <Filter>include\assimp</Filter>
    </ClInclude>
    <ClInclude Include="$(SolutionDir)\lib\assimp\include\assimp\StandardShapes.h">
      <Filter>include\assimp</Filter>
    </ClInclude>
    <ClInclude Include="$(SolutionDir)\lib\assimp\include\assimp\RemoveComments.h">
      <Filter>include\assimp</Filter>
    </ClInclude>
    <ClInclude Include="$(SolutionDir)\lib\assimp\include\assimp\Subdivision.h">
      <Filter>include\assimp</Filter>
    </ClInclude>
    <ClInclude Include="$(SolutionDir)\lib\assimp\include\assimp\Vertex.h">
      <Filter>include\assimp</Filter>
    </ClInclude>
    <ClInclude Include="$(SolutionDir)\lib\assimp\include\assimp\LineSplitter.h">
      <Filter>include\assimp</Filter>
    </ClInclude>
    <ClInclude Include="$(SolutionDir)\lib\assimp\include\assimp\TinyFormatter.h">
      <Filter>include\assimp</Filter>
    </ClInclude>
    <ClInclude Include="$(SolutionDir)\lib\assimp\include\assimp\Profiler.h">
      <Filter>include\assimp</Filter>
    </ClInclude>
    <ClInclude Include="$(SolutionDir)\lib\assimp\include\assimp\LogAux.h">
      <Filter>include\assimp</Filter>
    </ClInclude>
    <ClInclude Include="$(SolutionDir)\lib\assimp\include\assimp\Bitmap.h">
      <Filter>include\assimp</Filter>
    </ClInclude>
    <ClInclude Include="$(SolutionDir)\lib\assimp\include\assimp\XMLTools.h">
      <Filter>include\assimp</Filter>
    </ClInclude>
    <ClInclude Include="$(SolutionDir)\lib\assimp\include\assimp\IOStreamBuffer.h">
      <Filter>include\assimp</Filter>
    </ClInclude>
    <ClInclude Include="$(SolutionDir)\lib\assimp\include\assimp\CreateAnimMesh.h">
      <Filter>include\assimp</Filter>
    </ClInclude>
    <ClInclude Include="$(SolutionDir)\lib\assimp\include\assimp\XmlParser.h">
      <Filter>include\assimp</Filter>
    </ClInclude>
    <ClInclude Include="$(SolutionDir)\lib\assimp\include\assimp\MathFunctions.h">
      <Filter>include\assimp</Filter>
    </ClInclude>
    <ClInclude Include="$(SolutionDir)\lib\assimp\include\assimp\Exceptional.h">
      <Filter>include\assimp</Filter>
    </ClInclude>
    <ClInclude Include="$(SolutionDir)\lib\assimp\include\assimp\ByteSwapper.h">
      <Filter>include\assimp</Filter>
    </ClInclude>
    <ClInclude Include="$(SolutionDir)\lib\assimp\include\assimp\Base64.hpp">
      <Filter>include\assimp</Filter>
    </ClInclude>
    <ClInclude Include="$(SolutionDir)\lib\assimp\include\assimp\Compiler\pushpack1.h">
      <Filter>Compiler</Filter>
    </ClInclude>
    <ClInclude Include="$(SolutionDir)\lib\assimp\include\assimp\Compiler\poppack1.h">
      <Filter>Compiler</Filter>
    </ClInclude>
    <ClInclude Include="$(SolutionDir)\lib\assimp\include\assimp\Compiler\pstdint.h">
      <Filter>Compiler</Filter>
    </ClInclude>
    <ClInclude Include="$(SolutionDir)\lib\assimp\DefaultLogger.hpp" />
    <ClInclude Include="$(SolutionDir)\lib\assimp\LogStream.hpp" />
    <ClInclude Include="$(SolutionDir)\lib\assimp\Logger.hpp" />
    <ClInclude Include="$(SolutionDir)\lib\assimp\NullLogger.hpp" />
    <ClInclude Include="$(SolutionDir)\lib\assimp\BlobIOSystem.h" />
  </ItemGroup>
  <ItemGroup>
    <ResourceCompile Include="$(SolutionDir)\lib\assimp\code\res\assimp.rc">
      <Filter>Source Files</Filter>
    </ResourceCompile>
  </ItemGroup>
  <ItemGroup>
    <Filter Include="AssetLib">
      <UniqueIdentifier>{03F16ACD-C71F-389F-A432-FAE4501C223C}</UniqueIdentifier>
    </Filter>
    <Filter Include="AssetLib\3D">
      <UniqueIdentifier>{4846B50C-6866-3E71-BD01-E245E2E16A96}</UniqueIdentifier>
    </Filter>
    <Filter Include="AssetLib\3DS">
      <UniqueIdentifier>{7CB2D5C5-4DD5-3C11-9A64-E43249EBFB4F}</UniqueIdentifier>
    </Filter>
    <Filter Include="AssetLib\3MF">
      <UniqueIdentifier>{7FE1CF10-4EC3-395B-9E15-83B0A098586F}</UniqueIdentifier>
    </Filter>
    <Filter Include="AssetLib\AC">
      <UniqueIdentifier>{E22C5C09-BF84-36CB-81F2-2E39D00A505D}</UniqueIdentifier>
    </Filter>
    <Filter Include="AssetLib\AMF">
      <UniqueIdentifier>{387BE7EA-A789-35F4-8371-EA5F8A5EA19B}</UniqueIdentifier>
    </Filter>
    <Filter Include="AssetLib\ASE">
      <UniqueIdentifier>{BA24EA9B-8C19-32C3-BF43-8660765ACEBF}</UniqueIdentifier>
    </Filter>
    <Filter Include="AssetLib\ASSBIN">
      <UniqueIdentifier>{3DCA32F8-0440-3C22-B68F-A3829EA81CA7}</UniqueIdentifier>
    </Filter>
    <Filter Include="AssetLib\ASSJSON">
      <UniqueIdentifier>{F77AAFA3-9292-39A8-BD42-FC93E031AA02}</UniqueIdentifier>
    </Filter>
    <Filter Include="AssetLib\ASSXML">
      <UniqueIdentifier>{8E26CA9B-67E4-3787-92D2-AD8276930375}</UniqueIdentifier>
    </Filter>
    <Filter Include="AssetLib\B3D">
      <UniqueIdentifier>{AAC899C9-5D93-3C41-B5BD-84B9EF00F333}</UniqueIdentifier>
    </Filter>
    <Filter Include="AssetLib\BLEND">
      <UniqueIdentifier>{E5982785-E8E4-33BA-B523-D854B76BCC1E}</UniqueIdentifier>
    </Filter>
    <Filter Include="AssetLib\BVH">
      <UniqueIdentifier>{5A4527C6-AA5D-3F10-AB49-318FC49BEF10}</UniqueIdentifier>
    </Filter>
    <Filter Include="AssetLib\COB">
      <UniqueIdentifier>{89E4A626-6CA9-3508-935B-0600D06E61E0}</UniqueIdentifier>
    </Filter>
    <Filter Include="AssetLib\COLLADA">
      <UniqueIdentifier>{53D89FA4-B615-3B06-9AA9-3C5562910FD9}</UniqueIdentifier>
    </Filter>
    <Filter Include="AssetLib\CSM">
      <UniqueIdentifier>{DCE9B4DF-C5C6-348D-9835-674F48C768D3}</UniqueIdentifier>
    </Filter>
    <Filter Include="AssetLib\DXF">
      <UniqueIdentifier>{5256361A-9AC0-32D8-94BB-A13E46E00219}</UniqueIdentifier>
    </Filter>
    <Filter Include="AssetLib\FBX">
      <UniqueIdentifier>{B28BCA96-F03E-3B2A-9E7F-BD0331EBD17E}</UniqueIdentifier>
    </Filter>
    <Filter Include="AssetLib\GLTF">
      <UniqueIdentifier>{90DE59D9-F2F9-3FCA-8651-B1BB948EF6B0}</UniqueIdentifier>
    </Filter>
    <Filter Include="AssetLib\HMP">
      <UniqueIdentifier>{8B879186-9622-3851-96E5-3FF9EB01C217}</UniqueIdentifier>
    </Filter>
    <Filter Include="AssetLib\IFC">
      <UniqueIdentifier>{199331DF-CB39-38CC-866F-8D82CE8E4B0A}</UniqueIdentifier>
    </Filter>
    <Filter Include="AssetLib\IQM">
      <UniqueIdentifier>{40C64EA1-17EB-3B9A-A802-A5BA2D9CB7C5}</UniqueIdentifier>
    </Filter>
    <Filter Include="AssetLib\IRR">
      <UniqueIdentifier>{4CC9C5CA-00D5-3763-8A30-B0E903986F19}</UniqueIdentifier>
    </Filter>
    <Filter Include="AssetLib\IRRMESH">
      <UniqueIdentifier>{85BA1D18-CD25-3868-B950-D557E324B292}</UniqueIdentifier>
    </Filter>
    <Filter Include="AssetLib\LWO">
      <UniqueIdentifier>{FC631ACB-FCA2-3D69-8044-14CCA4B5D0EA}</UniqueIdentifier>
    </Filter>
    <Filter Include="AssetLib\LWS">
      <UniqueIdentifier>{39663CC5-8A67-339A-BAA0-E2D092396B47}</UniqueIdentifier>
    </Filter>
    <Filter Include="AssetLib\M3D">
      <UniqueIdentifier>{150D0BAE-813A-35B1-8139-6510F6706022}</UniqueIdentifier>
    </Filter>
    <Filter Include="AssetLib\MD2">
      <UniqueIdentifier>{E1057B96-4A05-3D24-ABB1-FE9321224F1A}</UniqueIdentifier>
    </Filter>
    <Filter Include="AssetLib\MD3">
      <UniqueIdentifier>{1584E85A-F563-37E0-8EC5-A457244817C5}</UniqueIdentifier>
    </Filter>
    <Filter Include="AssetLib\MD5">
      <UniqueIdentifier>{D70A74F7-0015-3F33-B7DC-EC24D487FB90}</UniqueIdentifier>
    </Filter>
    <Filter Include="AssetLib\MDC">
      <UniqueIdentifier>{3E9489D2-96D4-3C11-A5F1-407A4719C84F}</UniqueIdentifier>
    </Filter>
    <Filter Include="AssetLib\MDL">
      <UniqueIdentifier>{55708925-B458-317E-8F9D-426484092685}</UniqueIdentifier>
    </Filter>
    <Filter Include="AssetLib\MMD">
      <UniqueIdentifier>{4CF3313F-63F6-3D06-94BD-8FDD8F4DD1A5}</UniqueIdentifier>
    </Filter>
    <Filter Include="AssetLib\MS3D">
      <UniqueIdentifier>{CAA13271-740D-32DF-ABE4-7787F82DB0F6}</UniqueIdentifier>
    </Filter>
    <Filter Include="AssetLib\NDO">
      <UniqueIdentifier>{A15A2F0C-9D82-39FB-9B4C-8C615CC00B27}</UniqueIdentifier>
    </Filter>
    <Filter Include="AssetLib\NFF">
      <UniqueIdentifier>{0FBC1A94-7930-3A2A-A9DD-6A6E3432E4F3}</UniqueIdentifier>
    </Filter>
    <Filter Include="AssetLib\OBJ">
      <UniqueIdentifier>{3B2BF04D-BEAB-30C7-9736-6271238BA1B6}</UniqueIdentifier>
    </Filter>
    <Filter Include="AssetLib\OFF">
      <UniqueIdentifier>{A938A2AB-04A7-3192-AE6A-C40EF3692A47}</UniqueIdentifier>
    </Filter>
    <Filter Include="AssetLib\OGRE">
      <UniqueIdentifier>{AF431A4E-7607-3575-B680-80E2B01260A6}</UniqueIdentifier>
    </Filter>
    <Filter Include="AssetLib\OPENGEX">
      <UniqueIdentifier>{6C9923D7-CC7F-3F35-A0FA-E997C00248CB}</UniqueIdentifier>
    </Filter>
    <Filter Include="AssetLib\PBRT">
      <UniqueIdentifier>{731F3139-3A78-3FF0-BEBF-ABB3A4DCB814}</UniqueIdentifier>
    </Filter>
    <Filter Include="AssetLib\PLY">
      <UniqueIdentifier>{E00FEE7C-7A19-3544-8DBA-F4EE0E2C8E5D}</UniqueIdentifier>
    </Filter>
    <Filter Include="AssetLib\Q3BSP">
      <UniqueIdentifier>{3E33D32A-3668-3E8F-B774-9FA1451BA85E}</UniqueIdentifier>
    </Filter>
    <Filter Include="AssetLib\Q3D">
      <UniqueIdentifier>{BB48DD66-D3DC-3FD2-AA4F-9C7364852C93}</UniqueIdentifier>
    </Filter>
    <Filter Include="AssetLib\RAW">
      <UniqueIdentifier>{BC80EEBD-0B90-3FA0-9D54-2D501F9D95FF}</UniqueIdentifier>
    </Filter>
    <Filter Include="AssetLib\SIB">
      <UniqueIdentifier>{03EFA818-3847-3961-84D6-6F34A0956F74}</UniqueIdentifier>
    </Filter>
    <Filter Include="AssetLib\SMD">
      <UniqueIdentifier>{882EA110-2A58-33C8-BEAD-1192EAA4B9BF}</UniqueIdentifier>
    </Filter>
    <Filter Include="AssetLib\STEP">
      <UniqueIdentifier>{8C70E03C-1EDE-3CB1-9857-F925E6FC029D}</UniqueIdentifier>
    </Filter>
    <Filter Include="AssetLib\STL">
      <UniqueIdentifier>{BCAD5FB7-59BC-3297-9C3C-B05B859E5A73}</UniqueIdentifier>
    </Filter>
    <Filter Include="AssetLib\TERRAGEN">
      <UniqueIdentifier>{5DFFAF40-FDF9-3B48-9A7D-F4AFDD2850F9}</UniqueIdentifier>
    </Filter>
    <Filter Include="AssetLib\X">
      <UniqueIdentifier>{902FAA98-95D5-3259-AF00-472F0E335091}</UniqueIdentifier>
    </Filter>
    <Filter Include="AssetLib\X3D">
      <UniqueIdentifier>{908C0F4E-DB67-3763-8D4A-D335E2FAD0A7}</UniqueIdentifier>
    </Filter>
    <Filter Include="AssetLib\XGL">
      <UniqueIdentifier>{AED22071-A76A-3A9E-BC1D-82216CC0BD5F}</UniqueIdentifier>
    </Filter>
    <Filter Include="CApi">
      <UniqueIdentifier>{F30D54FB-B8B9-3DB8-A588-FA2098152A01}</UniqueIdentifier>
    </Filter>
    <Filter Include="Common">
      <UniqueIdentifier>{7496DBB6-6AF0-3E56-A654-C4BB3B450B26}</UniqueIdentifier>
    </Filter>
    <Filter Include="Compiler">
      <UniqueIdentifier>{FC840EBF-D7E7-3490-B47A-DE6DE8309E27}</UniqueIdentifier>
    </Filter>
    <Filter Include="Contrib">
      <UniqueIdentifier>{1294F76D-2F3A-3CDD-B69B-9C6DBC4E9101}</UniqueIdentifier>
    </Filter>
    <Filter Include="Contrib\Clipper">
      <UniqueIdentifier>{0BAA0743-0974-3F41-B757-3664D188C05F}</UniqueIdentifier>
    </Filter>
    <Filter Include="Contrib\Poly2Tri">
      <UniqueIdentifier>{D334589F-4717-3904-88C5-AB7F3822C781}</UniqueIdentifier>
    </Filter>
    <Filter Include="Contrib\Pugixml">
      <UniqueIdentifier>{10C82CAF-9F76-32AC-9743-8EAB8BB2EE18}</UniqueIdentifier>
    </Filter>
    <Filter Include="Contrib\open3dgc">
      <UniqueIdentifier>{B221E4B1-182A-3484-8015-D583E2498B15}</UniqueIdentifier>
    </Filter>
    <Filter Include="Contrib\openddl_parser">
      <UniqueIdentifier>{04A62117-2A54-3D71-A407-3F8435D5902F}</UniqueIdentifier>
    </Filter>
    <Filter Include="Contrib\stb">
      <UniqueIdentifier>{030D4F61-A9B8-359F-A94B-5B0153913DCE}</UniqueIdentifier>
    </Filter>
    <Filter Include="Contrib\unzip">
      <UniqueIdentifier>{28902795-2623-3238-9307-DD5D5C0DB311}</UniqueIdentifier>
    </Filter>
    <Filter Include="Exporter">
      <UniqueIdentifier>{B0DB7EAA-1F41-3DAA-9A57-90E77EDF0D90}</UniqueIdentifier>
    </Filter>
    <Filter Include="Logging">
      <UniqueIdentifier>{F3F7D419-A059-3D0D-B8E4-B9E6C0D427A1}</UniqueIdentifier>
    </Filter>
    <Filter Include="MaterialSystem">
      <UniqueIdentifier>{06EE3E9C-0779-3396-B302-3E4C947BB41A}</UniqueIdentifier>
    </Filter>
    <Filter Include="PostProcessing">
      <UniqueIdentifier>{3F6EA9FE-A4C8-3647-984F-23B0CF5EA6D1}</UniqueIdentifier>
    </Filter>
    <Filter Include="STEPParser">
      <UniqueIdentifier>{5A5EFD28-5DB8-3ACE-87EC-0CEB8C4F2D29}</UniqueIdentifier>
    </Filter>
    <Filter Include="Source Files">
      <UniqueIdentifier>{4046916F-0140-35E7-B715-6FC4B548C282}</UniqueIdentifier>
    </Filter>
    <Filter Include="include">
      <UniqueIdentifier>{EDB1AE1B-61CF-390D-874E-DD5C7F4C9F1E}</UniqueIdentifier>
    </Filter>
    <Filter Include="include\assimp">
      <UniqueIdentifier>{D5DF152F-F98F-3CD9-A8CA-151F78367F43}</UniqueIdentifier>
    </Filter>
    <Filter Include="ziplib">
      <UniqueIdentifier>{2C6E0671-536D-3494-87B5-E815FB689575}</UniqueIdentifier>
    </Filter>
  </ItemGroup>
</Project>