<?xml version="1.0" encoding="utf-8"?>
<Project ToolsVersion="17.0" xmlns="http://schemas.microsoft.com/developer/msbuild/2003">
  <ItemGroup>
    <CustomBuild Include="C:\Users\yuuya\Downloads\assimp-5.2.5\assimp-5.2.5\CMakeFiles\b316e98319753885552d7d8ef9ab5274\INSTALL_force.rule">
      <Filter>CMake Rules</Filter>
    </CustomBuild>
  </ItemGroup>
  <ItemGroup>
    <Filter Include="CMake Rules">
      <UniqueIdentifier>{A6162AC6-BC17-3F5B-BE3A-EC7F6448A0E6}</UniqueIdentifier>
    </Filter>
  </ItemGroup>
</Project>
