<?xml version="1.0" encoding="utf-8"?>
<Project ToolsVersion="4.0" xmlns="http://schemas.microsoft.com/developer/msbuild/2003">
  <ItemGroup>
    <Filter Include="Engine">
      <UniqueIdentifier>{666f530b-cdcf-497a-b6b9-3ae0cfb27599}</UniqueIdentifier>
    </Filter>
    <Filter Include="Engine\ソースファイル">
      <UniqueIdentifier>{6d54335b-ee21-4d4a-8ec9-aa0b69057921}</UniqueIdentifier>
    </Filter>
    <Filter Include="Engine\ヘッダーファイル">
      <UniqueIdentifier>{beedab40-ecc1-4641-934c-84acd2a8f693}</UniqueIdentifier>
    </Filter>
    <Filter Include="Engine\ソースファイル\DirectXCore">
      <UniqueIdentifier>{b166f882-9217-44af-b930-a61a52df1a06}</UniqueIdentifier>
    </Filter>
    <Filter Include="Engine\ソースファイル\Input">
      <UniqueIdentifier>{93057e27-e27e-409e-b229-d0ab6d791380}</UniqueIdentifier>
    </Filter>
    <Filter Include="Engine\ヘッダーファイル\DirectXcore">
      <UniqueIdentifier>{afb5612f-903c-4ff3-a264-bd7eb7621577}</UniqueIdentifier>
    </Filter>
    <Filter Include="Engine\ヘッダーファイル\Input">
      <UniqueIdentifier>{1d7c7829-05b0-4497-b87c-1f0fe2d6ed1f}</UniqueIdentifier>
    </Filter>
    <Filter Include="Engine\リソース ファイル">
      <UniqueIdentifier>{67DA6AB6-F800-4c08-8B7A-83BB121AAD01}</UniqueIdentifier>
      <Extensions>rc;ico;cur;bmp;dlg;rc2;rct;bin;rgs;gif;jpg;jpeg;jpe;resx;tiff;tif;png;wav;mfcribbon-ms</Extensions>
    </Filter>
    <Filter Include="User">
      <UniqueIdentifier>{4ec7cd33-328d-4238-8eef-697120ab8bdb}</UniqueIdentifier>
    </Filter>
    <Filter Include="User\ソース ファイル">
      <UniqueIdentifier>{4FC737F1-C7A5-4376-A066-2A32D752A2FF}</UniqueIdentifier>
      <Extensions>cpp;c;cc;cxx;c++;cppm;ixx;def;odl;idl;hpj;bat;asm;asmx</Extensions>
    </Filter>
    <Filter Include="User\ヘッダー ファイル">
      <UniqueIdentifier>{93995380-89BD-4b04-88EB-625FBE52EBFB}</UniqueIdentifier>
      <Extensions>h;hh;hpp;hxx;h++;hm;inl;inc;ipp;xsd</Extensions>
    </Filter>
    <Filter Include="Engine\ソースファイル\Camera">
      <UniqueIdentifier>{073af99b-e0f9-4597-9d0e-f1b202ebd3c1}</UniqueIdentifier>
    </Filter>
    <Filter Include="Engine\ヘッダーファイル\Camera">
      <UniqueIdentifier>{5be7caff-bb91-42c2-a967-e35aa6c52c87}</UniqueIdentifier>
    </Filter>
    <Filter Include="Engine\ソースファイル\Draw">
      <UniqueIdentifier>{391cb05a-f90c-4363-92bd-3704079ac79d}</UniqueIdentifier>
    </Filter>
    <Filter Include="Engine\ヘッダーファイル\Draw">
      <UniqueIdentifier>{5b73f316-99aa-4055-b046-bc3070fa7eef}</UniqueIdentifier>
    </Filter>
    <Filter Include="Engine\ソースファイル\Audio">
      <UniqueIdentifier>{2d26bf9f-44a9-4555-ba4d-f583f71c88ca}</UniqueIdentifier>
    </Filter>
    <Filter Include="Engine\ヘッダーファイル\Audio">
      <UniqueIdentifier>{e4eed88b-2f12-4891-afac-aeb9dbe33d75}</UniqueIdentifier>
    </Filter>
    <Filter Include="Engine\ソースファイル\Math">
      <UniqueIdentifier>{05e01e35-18a4-4f9c-aee5-49d362b1fcff}</UniqueIdentifier>
    </Filter>
    <Filter Include="Engine\ヘッダーファイル\Math">
      <UniqueIdentifier>{2513bd8c-2787-43dc-8e6a-994502a51c00}</UniqueIdentifier>
    </Filter>
    <Filter Include="Engine\ヘッダーファイル\Math\Vector">
      <UniqueIdentifier>{118c7207-da33-4bd5-b770-9811a9c8de07}</UniqueIdentifier>
    </Filter>
    <Filter Include="Engine\ソースファイル\Math\Vector">
      <UniqueIdentifier>{e74037cc-e4e2-4296-b2af-0e913a29d3c1}</UniqueIdentifier>
    </Filter>
    <Filter Include="Engine\ヘッダーファイル\DirectXcore\Buffer">
      <UniqueIdentifier>{71e6685c-695c-4c6e-8251-568f18ac84c4}</UniqueIdentifier>
    </Filter>
    <Filter Include="Engine\ソースファイル\DirectXCore\Buffer">
      <UniqueIdentifier>{6fe923e0-3b70-4736-a71c-9efaa461e29b}</UniqueIdentifier>
    </Filter>
    <Filter Include="Engine\ヘッダーファイル\Draw\Sprite">
      <UniqueIdentifier>{2f99f724-b4b1-4f39-bc56-c4397d81ae9b}</UniqueIdentifier>
    </Filter>
    <Filter Include="Engine\ヘッダーファイル\Draw\Model">
      <UniqueIdentifier>{3692a651-a71a-40da-b6ff-f7bc67b4e73e}</UniqueIdentifier>
    </Filter>
    <Filter Include="Engine\ソースファイル\Draw\Sprite">
      <UniqueIdentifier>{c1a45008-d064-4000-87f9-acfd152e65bc}</UniqueIdentifier>
    </Filter>
    <Filter Include="Engine\ソースファイル\Draw\Model">
      <UniqueIdentifier>{eecd0e1e-693f-4d74-a4b8-9fe60eafe2b2}</UniqueIdentifier>
    </Filter>
    <Filter Include="Engine\ヘッダーファイル\Collision">
      <UniqueIdentifier>{57b651fa-cc46-4174-9bbf-2e382ad89bc8}</UniqueIdentifier>
    </Filter>
    <Filter Include="Engine\ソースファイル\Collision">
      <UniqueIdentifier>{18d18fed-3942-445d-a21f-a647b50d176c}</UniqueIdentifier>
    </Filter>
    <Filter Include="Engine\ソースファイル\Light">
      <UniqueIdentifier>{f9d05b02-41ab-4b1a-9850-4d9ecaabf3a0}</UniqueIdentifier>
    </Filter>
    <Filter Include="Engine\ヘッダーファイル\Light">
      <UniqueIdentifier>{7ad63905-94e1-4208-9325-97560865285b}</UniqueIdentifier>
    </Filter>
    <Filter Include="Engine\リソース ファイル\Model">
      <UniqueIdentifier>{8dc07167-c61a-4f20-a696-0a25fd5a5199}</UniqueIdentifier>
    </Filter>
    <Filter Include="Engine\リソース ファイル\Model\Basic">
      <UniqueIdentifier>{1cb0fd7a-b27e-4df4-af3e-00959b676a10}</UniqueIdentifier>
    </Filter>
    <Filter Include="Engine\リソース ファイル\Model\Phong">
      <UniqueIdentifier>{b7be16ba-3da8-4bea-9e17-db6d66109dfd}</UniqueIdentifier>
    </Filter>
    <Filter Include="Engine\リソース ファイル\Model\Toon">
      <UniqueIdentifier>{4a135746-7a25-4adc-af52-9f5f054f94cc}</UniqueIdentifier>
    </Filter>
    <Filter Include="Engine\リソース ファイル\Sprite">
      <UniqueIdentifier>{fa06dded-f5ff-4703-8350-c1c9f99b718b}</UniqueIdentifier>
    </Filter>
    <Filter Include="Engine\リソース ファイル\Model\RimLight">
      <UniqueIdentifier>{488cf6c5-ef61-4bbf-affc-685378b4a19c}</UniqueIdentifier>
    </Filter>
    <Filter Include="Engine\リソース ファイル\PosEffect">
      <UniqueIdentifier>{e3270379-6654-4c7d-a075-1df031365cbd}</UniqueIdentifier>
    </Filter>
    <Filter Include="Engine\ソースファイル\LevelEditor">
      <UniqueIdentifier>{a116016e-6735-476e-8ee4-7a3e93daf0c6}</UniqueIdentifier>
    </Filter>
    <Filter Include="Engine\ヘッダーファイル\Draw\PostEffect">
      <UniqueIdentifier>{9e791aab-88ed-4e84-9e9a-a9f03932d9bf}</UniqueIdentifier>
    </Filter>
    <Filter Include="Engine\ソースファイル\Draw\PostEffect">
      <UniqueIdentifier>{faa4e011-7b1e-4cb7-bdb2-dd9d79a7bc23}</UniqueIdentifier>
    </Filter>
    <Filter Include="Engine\ヘッダーファイル\LevelEditor">
      <UniqueIdentifier>{d8effa6f-0125-45d0-8c28-7cda3d3702e3}</UniqueIdentifier>
    </Filter>
    <Filter Include="Engine\リソース ファイル\PosEffect\Blur">
      <UniqueIdentifier>{c19b8a51-5014-461a-8ec4-34950dc0b9d7}</UniqueIdentifier>
    </Filter>
    <Filter Include="User\ソース ファイル\Scene">
      <UniqueIdentifier>{67871c74-52d6-48ea-8e39-a0e1a1330800}</UniqueIdentifier>
    </Filter>
    <Filter Include="User\ヘッダー ファイル\Scene">
      <UniqueIdentifier>{a447e952-8c76-4bc2-b244-d211e1be8a23}</UniqueIdentifier>
    </Filter>
    <Filter Include="Engine\リソース ファイル\Particle">
      <UniqueIdentifier>{f9b797fa-c9fc-4e10-999d-9978cd0749d0}</UniqueIdentifier>
    </Filter>
    <Filter Include="User\ソース ファイル\UI">
      <UniqueIdentifier>{f5d1c6b7-49dd-44c7-9da9-98d045efd00e}</UniqueIdentifier>
    </Filter>
    <Filter Include="User\ヘッダー ファイル\UI">
      <UniqueIdentifier>{2c3fac6c-85d4-4344-90de-0433972ef691}</UniqueIdentifier>
    </Filter>
    <Filter Include="User\ヘッダー ファイル\Object">
      <UniqueIdentifier>{eff3171f-06eb-46ac-9178-33086d5b9a9d}</UniqueIdentifier>
    </Filter>
    <Filter Include="User\ソース ファイル\Object">
      <UniqueIdentifier>{06c67e16-a22f-44bb-b1a5-8837b7bc669e}</UniqueIdentifier>
    </Filter>
    <Filter Include="User\ソース ファイル\Object\Bullet">
      <UniqueIdentifier>{2044a206-4123-453d-8394-411a1ffcd958}</UniqueIdentifier>
    </Filter>
    <Filter Include="User\ヘッダー ファイル\Object\Bullet">
      <UniqueIdentifier>{06f73f22-8819-4055-b27c-734b500186a8}</UniqueIdentifier>
    </Filter>
    <Filter Include="User\ヘッダー ファイル\Object\Enemy">
      <UniqueIdentifier>{2060a3c3-8208-4e86-abc0-962719b5285a}</UniqueIdentifier>
    </Filter>
    <Filter Include="User\ソース ファイル\Object\Enemy">
      <UniqueIdentifier>{77a267b7-7ed6-48ec-86f1-35c51d3c057c}</UniqueIdentifier>
    </Filter>
    <Filter Include="User\ソース ファイル\Effect">
      <UniqueIdentifier>{a39a1a1b-7e46-417f-be4f-7c9400f50192}</UniqueIdentifier>
    </Filter>
    <Filter Include="User\ソース ファイル\Effect\Particle">
      <UniqueIdentifier>{9caaa770-535b-492f-93ee-9f513a63da22}</UniqueIdentifier>
    </Filter>
    <Filter Include="User\ヘッダー ファイル\Effect">
      <UniqueIdentifier>{918b6de9-8536-4dc9-9fcb-52c1b3a5b7e1}</UniqueIdentifier>
    </Filter>
    <Filter Include="User\ヘッダー ファイル\Effect\Particle">
      <UniqueIdentifier>{a8ccdc58-cbd6-45cf-b9b4-bf9de8406dd4}</UniqueIdentifier>
    </Filter>
  </ItemGroup>
  <ItemGroup>
    <ClCompile Include="Engine\Other\main.cpp">
      <Filter>User\ソース ファイル</Filter>
    </ClCompile>
    <ClCompile Include="Engine\Input\Keyboard.cpp">
      <Filter>Engine\ソースファイル\Input</Filter>
    </ClCompile>
    <ClCompile Include="Engine\Input\Mouse.cpp">
      <Filter>Engine\ソースファイル\Input</Filter>
    </ClCompile>
    <ClCompile Include="Engine\Input\Controller.cpp">
      <Filter>Engine\ソースファイル\Input</Filter>
    </ClCompile>
    <ClCompile Include="Engine\DirectXCore\Core\DirectXBase.cpp">
      <Filter>Engine\ソースファイル\DirectXCore</Filter>
    </ClCompile>
    <ClCompile Include="Engine\DirectXCore\Core\WindowsApp.cpp">
      <Filter>Engine\ソースファイル\DirectXCore</Filter>
    </ClCompile>
    <ClCompile Include="Engine\DirectXCore\Core\FPS.cpp">
      <Filter>Engine\ソースファイル\DirectXCore</Filter>
    </ClCompile>
    <ClCompile Include="Engine\Draw\Common\DrawCommon.cpp">
      <Filter>Engine\ソースファイル\Draw</Filter>
    </ClCompile>
    <ClCompile Include="Engine\Math\myMath.cpp">
      <Filter>Engine\ソースファイル\Math</Filter>
    </ClCompile>
    <ClCompile Include="Engine\Math\Vector2.cpp">
      <Filter>Engine\ソースファイル\Math\Vector</Filter>
    </ClCompile>
    <ClCompile Include="Engine\Math\Vector3.cpp">
      <Filter>Engine\ソースファイル\Math\Vector</Filter>
    </ClCompile>
    <ClCompile Include="Engine\Math\Vector4.cpp">
      <Filter>Engine\ソースファイル\Math\Vector</Filter>
    </ClCompile>
    <ClCompile Include="Engine\Math\Matrix4.cpp">
      <Filter>Engine\ソースファイル\Math</Filter>
    </ClCompile>
    <ClCompile Include="Engine\Draw\Common\TextureManager.cpp">
      <Filter>Engine\ソースファイル\Draw</Filter>
    </ClCompile>
    <ClCompile Include="Engine\Math\PhysicsMath.cpp">
      <Filter>Engine\ソースファイル\Math</Filter>
    </ClCompile>
    <ClCompile Include="Engine\Draw\Common\DrawOversight.cpp">
      <Filter>Engine\ソースファイル\Draw</Filter>
    </ClCompile>
    <ClCompile Include="Engine\Draw\Common\Pipeline.cpp">
      <Filter>Engine\ソースファイル\Draw</Filter>
    </ClCompile>
    <ClCompile Include="Engine\DirectXCore\Core\DescriptorHeap.cpp">
      <Filter>Engine\ソースファイル\DirectXCore</Filter>
    </ClCompile>
    <ClCompile Include="Engine\DirectXCore\Core\File.cpp">
      <Filter>Engine\ソースファイル\DirectXCore</Filter>
    </ClCompile>
    <ClCompile Include="Engine\DirectXCore\Buffer\IndexBuffer.cpp">
      <Filter>Engine\ソースファイル\DirectXCore\Buffer</Filter>
    </ClCompile>
    <ClCompile Include="Engine\DirectXCore\Buffer\VertexBuffer.cpp">
      <Filter>Engine\ソースファイル\DirectXCore\Buffer</Filter>
    </ClCompile>
    <ClCompile Include="Engine\DirectXCore\Buffer\ConstantBuffer.cpp">
      <Filter>Engine\ソースファイル\DirectXCore\Buffer</Filter>
    </ClCompile>
    <ClCompile Include="Engine\Draw\3D\Transform.cpp">
      <Filter>Engine\ソースファイル\Draw</Filter>
    </ClCompile>
    <ClCompile Include="Engine\Draw\2D\Sprite\Sprite3D.cpp">
      <Filter>Engine\ソースファイル\Draw\Sprite</Filter>
    </ClCompile>
    <ClCompile Include="Engine\Draw\2D\Sprite\Sprite2D.cpp">
      <Filter>Engine\ソースファイル\Draw\Sprite</Filter>
    </ClCompile>
    <ClCompile Include="Engine\Draw\2D\Sprite\SpriteCommon.cpp">
      <Filter>Engine\ソースファイル\Draw\Sprite</Filter>
    </ClCompile>
    <ClCompile Include="Engine\Draw\2D\Sprite\Sprite.cpp">
      <Filter>Engine\ソースファイル\Draw\Sprite</Filter>
    </ClCompile>
    <ClCompile Include="Engine\Draw\3D\Model\Obj.cpp">
      <Filter>Engine\ソースファイル\Draw\Model</Filter>
    </ClCompile>
    <ClCompile Include="Engine\Draw\3D\Model\Model.cpp">
      <Filter>Engine\ソースファイル\Draw\Model</Filter>
    </ClCompile>
    <ClCompile Include="Engine\Draw\3D\Model\AssimpModel.cpp">
      <Filter>Engine\ソースファイル\Draw\Model</Filter>
    </ClCompile>
    <ClCompile Include="Engine\Draw\3D\Model\AssimpLoder.cpp">
      <Filter>Engine\ソースファイル\Draw\Model</Filter>
    </ClCompile>
    <ClCompile Include="User\Other\MyGame.cpp">
      <Filter>User\ソース ファイル</Filter>
    </ClCompile>
    <ClCompile Include="Engine\Other\SceneManager.cpp">
      <Filter>Engine\ソースファイル</Filter>
    </ClCompile>
    <ClCompile Include="Engine\ImGui\ImGuiManager.cpp">
      <Filter>Engine\ソースファイル</Filter>
    </ClCompile>
    <ClCompile Include="Engine\Other\YFramework.cpp">
      <Filter>Engine\ソースファイル</Filter>
    </ClCompile>
    <ClCompile Include="Engine\Audio\AudioManager.cpp">
      <Filter>Engine\ソースファイル\Audio</Filter>
    </ClCompile>
    <ClCompile Include="Engine\Camera\Camera.cpp">
      <Filter>Engine\ソースファイル\Camera</Filter>
    </ClCompile>
    <ClCompile Include="Engine\Input\InputManager.cpp">
      <Filter>Engine\ソースファイル\Input</Filter>
    </ClCompile>
    <ClCompile Include="Engine\Collision\Collision.cpp">
      <Filter>Engine\ソースファイル\Collision</Filter>
    </ClCompile>
    <ClCompile Include="Engine\Light\LightManager.cpp">
      <Filter>Engine\ソースファイル\Light</Filter>
    </ClCompile>
    <ClCompile Include="Engine\LevelEditor\LevelEditor.cpp">
      <Filter>Engine\ソースファイル\LevelEditor</Filter>
    </ClCompile>
    <ClCompile Include="Engine\LevelEditor\EditorObject.cpp">
      <Filter>Engine\ソースファイル\LevelEditor</Filter>
    </ClCompile>
    <ClCompile Include="Engine\Draw\2D\PostEffect\MultiRenderPostEffect.cpp">
      <Filter>Engine\ソースファイル\Draw\PostEffect</Filter>
    </ClCompile>
    <ClCompile Include="Engine\Draw\2D\PostEffect\PostEffect.cpp">
      <Filter>Engine\ソースファイル\Draw\PostEffect</Filter>
    </ClCompile>
    <ClCompile Include="Engine\Draw\2D\PostEffect\MultiTexturePostEffect.cpp">
      <Filter>Engine\ソースファイル\Draw\PostEffect</Filter>
    </ClCompile>
    <ClCompile Include="User\Scene\EngineOP.cpp">
      <Filter>User\ソース ファイル\Scene</Filter>
    </ClCompile>
    <ClCompile Include="User\Scene\GameScene.cpp">
      <Filter>User\ソース ファイル\Scene</Filter>
    </ClCompile>
    <ClCompile Include="User\Scene\SceneFactory.cpp">
      <Filter>User\ソース ファイル\Scene</Filter>
    </ClCompile>
    <ClCompile Include="User\Scene\TitleScene.cpp">
      <Filter>User\ソース ファイル\Scene</Filter>
    </ClCompile>
    <ClCompile Include="User\Other\RailCamera.cpp">
      <Filter>User\ソース ファイル</Filter>
    </ClCompile>
    <ClCompile Include="Engine\Draw\2D\Particle\ParticleManager.cpp">
      <Filter>Engine\ソースファイル\Draw</Filter>
    </ClCompile>
    <ClCompile Include="Engine\Math\EasingFunction.cpp">
      <Filter>Engine\ソースファイル\Math</Filter>
    </ClCompile>
    <ClCompile Include="User\Scene\SceneChangeAnimation.cpp">
      <Filter>User\ソース ファイル\Scene</Filter>
    </ClCompile>
    <ClCompile Include="User\Effect\Particle\EnemyDeathParticleEmitter.cpp">
      <Filter>User\ソース ファイル\Effect\Particle</Filter>
    </ClCompile>
    <ClCompile Include="User\Effect\Particle\ParticleEmitter.cpp">
      <Filter>User\ソース ファイル\Effect\Particle</Filter>
    </ClCompile>
    <ClCompile Include="User\Effect\Particle\PlayerEngineSmokeParticleEmitter.cpp">
      <Filter>User\ソース ファイル\Effect\Particle</Filter>
    </ClCompile>
    <ClCompile Include="User\Scene\GameClearScene.cpp">
      <Filter>User\ソース ファイル\Scene</Filter>
    </ClCompile>
    <ClCompile Include="User\Scene\GameOverScene.cpp">
      <Filter>User\ソース ファイル\Scene</Filter>
    </ClCompile>
    <ClCompile Include="User\UI\Radar.cpp">
      <Filter>User\ソース ファイル\UI</Filter>
    </ClCompile>
    <ClCompile Include="User\UI\HPBar.cpp">
      <Filter>User\ソース ファイル\UI</Filter>
    </ClCompile>
    <ClCompile Include="User\Other\GameLevelData.cpp">
      <Filter>User\ソース ファイル</Filter>
    </ClCompile>
    <ClCompile Include="User\Other\GameTimer.cpp">
      <Filter>User\ソース ファイル</Filter>
    </ClCompile>
    <ClCompile Include="User\Scene\DemoScene.cpp">
      <Filter>User\ソース ファイル\Scene</Filter>
    </ClCompile>
    <ClCompile Include="Engine\Draw\2D\Mesh\Mesh2D.cpp">
      <Filter>Engine\ソースファイル\Draw</Filter>
    </ClCompile>
    <ClCompile Include="User\Effect\Particle\EnemySpawnParticleEmitter.cpp">
      <Filter>User\ソース ファイル\Effect\Particle</Filter>
    </ClCompile>
    <ClCompile Include="User\GameObject\Bullet\BulletManager.cpp">
      <Filter>User\ソース ファイル\Object\Bullet</Filter>
    </ClCompile>
    <ClCompile Include="User\GameObject\Bullet\NormalBullet.cpp">
      <Filter>User\ソース ファイル\Object\Bullet</Filter>
    </ClCompile>
    <ClCompile Include="User\GameObject\Enemy\Enemy.cpp">
      <Filter>User\ソース ファイル\Object\Enemy</Filter>
    </ClCompile>
    <ClCompile Include="User\GameObject\Enemy\EnemyManager.cpp">
      <Filter>User\ソース ファイル\Object\Enemy</Filter>
    </ClCompile>
    <ClCompile Include="User\GameObject\Enemy\NormalEnemy.cpp">
      <Filter>User\ソース ファイル\Object\Enemy</Filter>
    </ClCompile>
    <ClCompile Include="User\GameObject\Enemy\MoveEnemy.cpp">
      <Filter>User\ソース ファイル\Object\Enemy</Filter>
    </ClCompile>
    <ClCompile Include="User\GameObject\Bullet\LockOnBullet.cpp">
      <Filter>User\ソース ファイル\Object\Bullet</Filter>
    </ClCompile>
    <ClCompile Include="User\GameObject\Player\Reticle.cpp">
      <Filter>User\ソース ファイル\Object</Filter>
    </ClCompile>
    <ClCompile Include="User\Scene\StageSelectScene.cpp">
      <Filter>User\ソース ファイル\Scene</Filter>
    </ClCompile>
    <ClCompile Include="User\Effect\HitEffect.cpp">
      <Filter>User\ソース ファイル\Effect</Filter>
    </ClCompile>
    <ClCompile Include="User\Effect\LockOnAnimation.cpp">
      <Filter>User\ソース ファイル\Effect</Filter>
    </ClCompile>
    <ClCompile Include="User\Effect\PlayerDamageEffect.cpp">
      <Filter>User\ソース ファイル\Effect</Filter>
    </ClCompile>
    <ClCompile Include="User\Effect\PlayerDeathAnimation.cpp">
      <Filter>User\ソース ファイル\Effect</Filter>
    </ClCompile>
    <ClCompile Include="User\GameObject\Player\Player.cpp">
      <Filter>User\ソース ファイル\Object</Filter>
    </ClCompile>
    <ClCompile Include="User\Other\Retention.cpp">
      <Filter>User\ソース ファイル</Filter>
    </ClCompile>
    <ClCompile Include="User\GameObject\ColliderManager.cpp">
      <Filter>User\ソース ファイル\Object</Filter>
    </ClCompile>
    <ClCompile Include="User\Other\Pose.cpp">
      <Filter>User\ソース ファイル</Filter>
    </ClCompile>
    <ClCompile Include="Engine\Math\Quaternion.cpp">
      <Filter>Engine\ソースファイル\Math</Filter>
    </ClCompile>
    <ClCompile Include="User\Other\Text.cpp">
      <Filter>User\ソース ファイル</Filter>
    </ClCompile>
  </ItemGroup>
  <ItemGroup>
    <FxCompile Include="Resources\Shaders\Model\Basic\ModelBasicPS.hlsl">
      <Filter>Engine\リソース ファイル\Model\Basic</Filter>
    </FxCompile>
    <FxCompile Include="Resources\Shaders\Model\Basic\ModelBasicVS.hlsl">
      <Filter>Engine\リソース ファイル\Model\Basic</Filter>
    </FxCompile>
    <FxCompile Include="Resources\Shaders\Model\Phong\PhongPS.hlsl">
      <Filter>Engine\リソース ファイル\Model\Phong</Filter>
    </FxCompile>
    <FxCompile Include="Resources\Shaders\Model\Phong\PhongVS.hlsl">
      <Filter>Engine\リソース ファイル\Model\Phong</Filter>
    </FxCompile>
    <FxCompile Include="Resources\Shaders\Model\Toon\ToonPS.hlsl">
      <Filter>Engine\リソース ファイル\Model\Toon</Filter>
    </FxCompile>
    <FxCompile Include="Resources\Shaders\Model\Toon\ToonVS.hlsl">
      <Filter>Engine\リソース ファイル\Model\Toon</Filter>
    </FxCompile>
    <FxCompile Include="Resources\Shaders\Sprite\SpritePS.hlsl">
      <Filter>Engine\リソース ファイル\Sprite</Filter>
    </FxCompile>
    <FxCompile Include="Resources\Shaders\Sprite\SpriteVS.hlsl">
      <Filter>Engine\リソース ファイル\Sprite</Filter>
    </FxCompile>
    <FxCompile Include="Resources\Shaders\Model\RimLight\RimLightPS.hlsl">
      <Filter>Engine\リソース ファイル\Model\RimLight</Filter>
    </FxCompile>
    <FxCompile Include="Resources\Shaders\Model\RimLight\RimLightVS.hlsl">
      <Filter>Engine\リソース ファイル\Model\RimLight</Filter>
    </FxCompile>
    <FxCompile Include="Resources\Shaders\PostEffect\PostEffectPS.hlsl">
      <Filter>Engine\リソース ファイル\PosEffect</Filter>
    </FxCompile>
    <FxCompile Include="Resources\Shaders\PostEffect\PostEffectVS.hlsl">
      <Filter>Engine\リソース ファイル\PosEffect</Filter>
    </FxCompile>
    <FxCompile Include="Resources\Shaders\Model\Phong\MultiPhongPS.hlsl">
      <Filter>Engine\リソース ファイル\Model\Phong</Filter>
    </FxCompile>
    <FxCompile Include="Resources\Shaders\PostEffect\MultiTexturePostEffectPS.hlsl">
      <Filter>Engine\リソース ファイル\PosEffect</Filter>
    </FxCompile>
    <FxCompile Include="Resources\Shaders\PostEffect\BrightnessPS.hlsl">
      <Filter>Engine\リソース ファイル\PosEffect</Filter>
    </FxCompile>
    <FxCompile Include="Resources\Shaders\PostEffect\InversePS.hlsl">
      <Filter>Engine\リソース ファイル\PosEffect</Filter>
    </FxCompile>
    <FxCompile Include="Resources\Shaders\PostEffect\BlurPS.hlsl">
      <Filter>Engine\リソース ファイル\PosEffect\Blur</Filter>
    </FxCompile>
    <FxCompile Include="Resources\Shaders\PostEffect\GaussianBlurPS.hlsl">
      <Filter>Engine\リソース ファイル\PosEffect\Blur</Filter>
    </FxCompile>
    <FxCompile Include="Resources\Shaders\PostEffect\GrayScalePS.hlsl">
      <Filter>Engine\リソース ファイル\PosEffect</Filter>
    </FxCompile>
    <FxCompile Include="Resources\Shaders\Model\Basic\SimpleColorPS.hlsl">
      <Filter>Engine\リソース ファイル\Model\Basic</Filter>
    </FxCompile>
    <FxCompile Include="Resources\Shaders\PostEffect\SepiaColorPS.hlsl">
      <Filter>Engine\リソース ファイル\PosEffect</Filter>
    </FxCompile>
    <FxCompile Include="Resources\Shaders\PostEffect\UVShiftPS.hlsl">
      <Filter>Engine\リソース ファイル\PosEffect</Filter>
    </FxCompile>
    <FxCompile Include="Resources\Shaders\PostEffect\BloomPS.hlsl">
      <Filter>Engine\リソース ファイル\PosEffect</Filter>
    </FxCompile>
    <FxCompile Include="Resources\Shaders\Particle\ParticlePS.hlsl">
      <Filter>Engine\リソース ファイル\Particle</Filter>
    </FxCompile>
    <FxCompile Include="Resources\Shaders\Particle\ParticleVS.hlsl">
      <Filter>Engine\リソース ファイル\Particle</Filter>
    </FxCompile>
    <FxCompile Include="Resources\Shaders\Particle\ParticleGS.hlsl">
      <Filter>Engine\リソース ファイル\Particle</Filter>
    </FxCompile>
    <FxCompile Include="Resources\Shaders\PostEffect\highLumiPS.hlsl">
      <Filter>Engine\リソース ファイル\PosEffect</Filter>
    </FxCompile>
  </ItemGroup>
  <ItemGroup>
    <ClInclude Include="Engine\Input\Keyboard.h">
      <Filter>Engine\ヘッダーファイル\Input</Filter>
    </ClInclude>
    <ClInclude Include="Engine\Input\Mouse.h">
      <Filter>Engine\ヘッダーファイル\Input</Filter>
    </ClInclude>
    <ClInclude Include="Engine\Input\Controller.h">
      <Filter>Engine\ヘッダーファイル\Input</Filter>
    </ClInclude>
    <ClInclude Include="Engine\DirectXCore\Core\DirectXBase.h">
      <Filter>Engine\ヘッダーファイル\DirectXcore</Filter>
    </ClInclude>
    <ClInclude Include="Engine\DirectXCore\Core\WindowsApp.h">
      <Filter>Engine\ヘッダーファイル\DirectXcore</Filter>
    </ClInclude>
    <ClInclude Include="Engine\DirectXCore\Core\FPS.h">
      <Filter>Engine\ヘッダーファイル\DirectXcore</Filter>
    </ClInclude>
    <ClInclude Include="Engine\Draw\Common\DrawCommon.h">
      <Filter>Engine\ヘッダーファイル\Draw</Filter>
    </ClInclude>
    <ClInclude Include="Engine\Math\myMath.h">
      <Filter>Engine\ヘッダーファイル\Math</Filter>
    </ClInclude>
    <ClInclude Include="Engine\Math\Vector2.h">
      <Filter>Engine\ヘッダーファイル\Math\Vector</Filter>
    </ClInclude>
    <ClInclude Include="Engine\Math\Vector3.h">
      <Filter>Engine\ヘッダーファイル\Math\Vector</Filter>
    </ClInclude>
    <ClInclude Include="Engine\Math\Vector4.h">
      <Filter>Engine\ヘッダーファイル\Math\Vector</Filter>
    </ClInclude>
    <ClInclude Include="Engine\Math\Matrix4.h">
      <Filter>Engine\ヘッダーファイル\Math</Filter>
    </ClInclude>
    <ClInclude Include="Engine\Draw\Common\TextureManager.h">
      <Filter>Engine\ヘッダーファイル\Draw</Filter>
    </ClInclude>
    <ClInclude Include="Engine\Math\PhysicsMath.h">
      <Filter>Engine\ヘッダーファイル\Math</Filter>
    </ClInclude>
    <ClInclude Include="Engine\Draw\Common\DrawOversight.h">
      <Filter>Engine\ヘッダーファイル\Draw</Filter>
    </ClInclude>
    <ClInclude Include="Engine\Draw\Common\Pipeline.h">
      <Filter>Engine\ヘッダーファイル\Draw</Filter>
    </ClInclude>
    <ClInclude Include="Engine\DirectXCore\Core\DescriptorHeap.h">
      <Filter>Engine\ヘッダーファイル\DirectXcore</Filter>
    </ClInclude>
    <ClInclude Include="Engine\DirectXCore\Core\File.h">
      <Filter>Engine\ヘッダーファイル\DirectXcore</Filter>
    </ClInclude>
    <ClInclude Include="Engine\DirectXCore\Buffer\VertexBuffer.h">
      <Filter>Engine\ヘッダーファイル\DirectXcore\Buffer</Filter>
    </ClInclude>
    <ClInclude Include="Engine\DirectXCore\Buffer\IndexBuffer.h">
      <Filter>Engine\ヘッダーファイル\DirectXcore\Buffer</Filter>
    </ClInclude>
    <ClInclude Include="Engine\DirectXCore\Buffer\ConstantBuffer.h">
      <Filter>Engine\ヘッダーファイル\DirectXcore\Buffer</Filter>
    </ClInclude>
    <ClInclude Include="Engine\Draw\3D\Transform.h">
      <Filter>Engine\ヘッダーファイル\Draw</Filter>
    </ClInclude>
    <ClInclude Include="Engine\Draw\2D\Sprite\Sprite2D.h">
      <Filter>Engine\ヘッダーファイル\Draw\Sprite</Filter>
    </ClInclude>
    <ClInclude Include="Engine\Draw\2D\Sprite\Sprite3D.h">
      <Filter>Engine\ヘッダーファイル\Draw\Sprite</Filter>
    </ClInclude>
    <ClInclude Include="Engine\Draw\2D\Sprite\Sprite.h">
      <Filter>Engine\ヘッダーファイル\Draw\Sprite</Filter>
    </ClInclude>
    <ClInclude Include="Engine\Draw\2D\Sprite\SpriteCommon.h">
      <Filter>Engine\ヘッダーファイル\Draw\Sprite</Filter>
    </ClInclude>
    <ClInclude Include="Engine\Draw\3D\Model\Obj.h">
      <Filter>Engine\ヘッダーファイル\Draw\Model</Filter>
    </ClInclude>
    <ClInclude Include="Engine\Draw\3D\Model\Model.h">
      <Filter>Engine\ヘッダーファイル\Draw\Model</Filter>
    </ClInclude>
    <ClInclude Include="Engine\Draw\3D\Model\AssimpModel.h">
      <Filter>Engine\ヘッダーファイル\Draw\Model</Filter>
    </ClInclude>
    <ClInclude Include="Engine\Draw\3D\Model\AssimpLoder.h">
      <Filter>Engine\ヘッダーファイル\Draw\Model</Filter>
    </ClInclude>
    <ClInclude Include="Engine\Other\MyGame.h">
      <Filter>User\ヘッダー ファイル</Filter>
    </ClInclude>
    <ClInclude Include="Engine\Other\AbstractSceneFactory.h">
      <Filter>Engine\ヘッダーファイル</Filter>
    </ClInclude>
    <ClInclude Include="Engine\Other\BaseScene.h">
      <Filter>Engine\ヘッダーファイル</Filter>
    </ClInclude>
    <ClInclude Include="Engine\Other\SceneManager.h">
      <Filter>Engine\ヘッダーファイル</Filter>
    </ClInclude>
    <ClInclude Include="Engine\Other\YFramework.h">
      <Filter>Engine\ヘッダーファイル</Filter>
    </ClInclude>
    <ClInclude Include="Engine\ImGui\ImGuiManager.h">
      <Filter>Engine\ヘッダーファイル</Filter>
    </ClInclude>
    <ClInclude Include="Engine\Audio\AudioManager.h">
      <Filter>Engine\ヘッダーファイル\Audio</Filter>
    </ClInclude>
    <ClInclude Include="Engine\Camera\Camera.h">
      <Filter>Engine\ヘッダーファイル\Camera</Filter>
    </ClInclude>
    <ClInclude Include="Engine\Input\InputManager.h">
      <Filter>Engine\ヘッダーファイル\Input</Filter>
    </ClInclude>
    <ClInclude Include="Engine\Collision\Collision.h">
      <Filter>Engine\ヘッダーファイル\Collision</Filter>
    </ClInclude>
    <ClInclude Include="Engine\Light\LightManager.h">
      <Filter>Engine\ヘッダーファイル\Light</Filter>
    </ClInclude>
    <ClInclude Include="Engine\Light\PointLight.h">
      <Filter>Engine\ヘッダーファイル\Light</Filter>
    </ClInclude>
    <ClInclude Include="Engine\Light\DirectionalLight.h">
      <Filter>Engine\ヘッダーファイル\Light</Filter>
    </ClInclude>
    <ClInclude Include="Engine\Light\SpotLight.h">
      <Filter>Engine\ヘッダーファイル\Light</Filter>
    </ClInclude>
    <ClInclude Include="Engine\Light\CircleShadow.h">
      <Filter>Engine\ヘッダーファイル\Light</Filter>
    </ClInclude>
    <ClInclude Include="Engine\Draw\2D\PostEffect\MultiRenderPostEffect.h">
      <Filter>Engine\ヘッダーファイル\Draw\PostEffect</Filter>
    </ClInclude>
    <ClInclude Include="Engine\Draw\2D\PostEffect\PostEffect.h">
      <Filter>Engine\ヘッダーファイル\Draw\PostEffect</Filter>
    </ClInclude>
    <ClInclude Include="Engine\LevelEditor\LevelEditor.h">
      <Filter>Engine\ヘッダーファイル\LevelEditor</Filter>
    </ClInclude>
    <ClInclude Include="Engine\LevelEditor\EditorObject.h">
      <Filter>Engine\ヘッダーファイル\LevelEditor</Filter>
    </ClInclude>
    <ClInclude Include="Engine\Draw\2D\PostEffect\MultiTexturePostEffect.h">
      <Filter>Engine\ヘッダーファイル\Draw\PostEffect</Filter>
    </ClInclude>
    <ClInclude Include="User\Other\GameLevelData.h">
      <Filter>User\ヘッダー ファイル</Filter>
    </ClInclude>
    <ClInclude Include="User\Scene\EngineOP.h">
      <Filter>User\ヘッダー ファイル\Scene</Filter>
    </ClInclude>
    <ClInclude Include="User\Scene\GameScene.h">
      <Filter>User\ヘッダー ファイル\Scene</Filter>
    </ClInclude>
    <ClInclude Include="Engine\Other\SceneFactory.h">
      <Filter>User\ヘッダー ファイル\Scene</Filter>
    </ClInclude>
    <ClInclude Include="User\Other\RailCamera.h">
      <Filter>User\ヘッダー ファイル</Filter>
    </ClInclude>
    <ClInclude Include="User\Scene\TitleScene.h">
      <Filter>User\ヘッダー ファイル\Scene</Filter>
    </ClInclude>
    <ClInclude Include="Engine\Draw\2D\Particle\ParticleManager.h">
      <Filter>Engine\ヘッダーファイル\Draw</Filter>
    </ClInclude>
    <ClInclude Include="Engine\Math\EasingFunction.h">
      <Filter>Engine\ヘッダーファイル\Math</Filter>
    </ClInclude>
    <ClInclude Include="User\Scene\SceneChangeAnimation.h">
      <Filter>User\ヘッダー ファイル\Scene</Filter>
    </ClInclude>
    <ClInclude Include="User\Effect\Particle\EnemyDeathParticleEmitter.h">
      <Filter>User\ヘッダー ファイル\Effect\Particle</Filter>
    </ClInclude>
    <ClInclude Include="User\Effect\Particle\ParticleBase.h">
      <Filter>User\ヘッダー ファイル\Effect\Particle</Filter>
    </ClInclude>
    <ClInclude Include="User\Effect\Particle\ParticleEmitter.h">
      <Filter>User\ヘッダー ファイル\Effect\Particle</Filter>
    </ClInclude>
    <ClInclude Include="User\Effect\Particle\PlayerEngineSmokeParticleEmitter.h">
      <Filter>User\ヘッダー ファイル\Effect\Particle</Filter>
    </ClInclude>
    <ClInclude Include="User\Scene\GameClearScene.h">
      <Filter>User\ヘッダー ファイル\Scene</Filter>
    </ClInclude>
    <ClInclude Include="User\Scene\GameOverScene.h">
      <Filter>User\ヘッダー ファイル\Scene</Filter>
    </ClInclude>
    <ClInclude Include="User\UI\HPBar.h">
      <Filter>User\ヘッダー ファイル\UI</Filter>
    </ClInclude>
    <ClInclude Include="User\UI\Radar.h">
      <Filter>User\ヘッダー ファイル\UI</Filter>
    </ClInclude>
    <ClInclude Include="User\Other\GameTimer.h">
      <Filter>User\ヘッダー ファイル</Filter>
    </ClInclude>
    <ClInclude Include="User\Scene\DemoScene.h">
      <Filter>User\ヘッダー ファイル\Scene</Filter>
    </ClInclude>
    <ClInclude Include="User\GameObject\Player\Player.h">
      <Filter>User\ヘッダー ファイル\Object</Filter>
    </ClInclude>
    <ClInclude Include="User\GameObject\GameObject.h">
      <Filter>User\ヘッダー ファイル\Object</Filter>
    </ClInclude>
    <ClInclude Include="Engine\Draw\2D\Mesh\Mesh2D.h">
      <Filter>Engine\ヘッダーファイル\Draw</Filter>
    </ClInclude>
    <ClInclude Include="User\Effect\Particle\EnemySpawnParticleEmitter.h">
      <Filter>User\ヘッダー ファイル\Effect\Particle</Filter>
    </ClInclude>
    <ClInclude Include="User\GameObject\Bullet\BulletBase.h">
      <Filter>User\ヘッダー ファイル\Object\Bullet</Filter>
    </ClInclude>
    <ClInclude Include="User\GameObject\Bullet\BulletManager.h">
      <Filter>User\ヘッダー ファイル\Object\Bullet</Filter>
    </ClInclude>
    <ClInclude Include="User\GameObject\Bullet\NormalBullet.h">
      <Filter>User\ヘッダー ファイル\Object\Bullet</Filter>
    </ClInclude>
    <ClInclude Include="User\GameObject\Enemy\Enemy.h">
      <Filter>User\ヘッダー ファイル\Object\Enemy</Filter>
    </ClInclude>
    <ClInclude Include="User\GameObject\Enemy\EnemyManager.h">
      <Filter>User\ヘッダー ファイル\Object\Enemy</Filter>
    </ClInclude>
    <ClInclude Include="User\GameObject\Enemy\MoveEnemy.h">
      <Filter>User\ヘッダー ファイル\Object\Enemy</Filter>
    </ClInclude>
    <ClInclude Include="User\GameObject\Enemy\NormalEnemy.h">
      <Filter>User\ヘッダー ファイル\Object\Enemy</Filter>
    </ClInclude>
    <ClInclude Include="User\GameObject\Bullet\LockOnBullet.h">
      <Filter>User\ヘッダー ファイル\Object\Bullet</Filter>
    </ClInclude>
    <ClInclude Include="User\GameObject\Player\Reticle.h">
      <Filter>User\ヘッダー ファイル\Object</Filter>
    </ClInclude>
    <ClInclude Include="User\Scene\StageSelectScene.h">
      <Filter>User\ヘッダー ファイル\Scene</Filter>
    </ClInclude>
    <ClInclude Include="User\Effect\HitEffect.h">
      <Filter>User\ヘッダー ファイル\Effect</Filter>
    </ClInclude>
    <ClInclude Include="User\Effect\LockOnAnimation.h">
      <Filter>User\ヘッダー ファイル\Effect</Filter>
    </ClInclude>
    <ClInclude Include="User\Effect\PlayerDamageEffect.h">
      <Filter>User\ヘッダー ファイル\Effect</Filter>
    </ClInclude>
    <ClInclude Include="User\Effect\PlayerDeathAnimation.h">
      <Filter>User\ヘッダー ファイル\Effect</Filter>
    </ClInclude>
    <ClInclude Include="User\Other\Retention.h">
      <Filter>User\ヘッダー ファイル</Filter>
    </ClInclude>
    <ClInclude Include="User\GameObject\ColliderManager.h">
      <Filter>User\ヘッダー ファイル\Object</Filter>
    </ClInclude>
    <ClInclude Include="User\Other\Pose.h">
      <Filter>User\ヘッダー ファイル</Filter>
    </ClInclude>
    <ClInclude Include="Engine\Math\Quaternion.h">
      <Filter>Engine\ヘッダーファイル\Math</Filter>
    </ClInclude>
    <ClInclude Include="User\Other\Text.h">
      <Filter>User\ヘッダー ファイル</Filter>
    </ClInclude>
  </ItemGroup>
  <ItemGroup>
    <None Include="Resources\Shaders\Model\Basic\ModelBasic.hlsli">
      <Filter>Engine\リソース ファイル\Model\Basic</Filter>
    </None>
    <None Include="Resources\Shaders\Model\Phong\PhongShader.hlsli">
      <Filter>Engine\リソース ファイル\Model\Phong</Filter>
    </None>
    <None Include="Resources\Shaders\Sprite\Sprite.hlsli">
      <Filter>Engine\リソース ファイル\Sprite</Filter>
    </None>
    <None Include="Resources\Shaders\Model\RimLight\RimLight.hlsli">
      <Filter>Engine\リソース ファイル\Model\RimLight</Filter>
    </None>
    <None Include="Resources\Shaders\Model\Toon\Toon.hlsli">
      <Filter>Engine\リソース ファイル\Model\Toon</Filter>
    </None>
    <None Include="Resources\Shaders\PostEffect\PostEffect.hlsli">
      <Filter>Engine\リソース ファイル\PosEffect</Filter>
    </None>
    <None Include="Resources\Shaders\Particle\Particle.hlsli">
      <Filter>Engine\リソース ファイル\Particle</Filter>
    </None>
    <None Include=".editorconfig" />
  </ItemGroup>
</Project>