<?xml version="1.0" encoding="utf-8"?>
<Project ToolsVersion="4.0" xmlns="http://schemas.microsoft.com/developer/msbuild/2003">
  <ItemGroup>
    <Filter Include="Engine">
      <UniqueIdentifier>{666f530b-cdcf-497a-b6b9-3ae0cfb27599}</UniqueIdentifier>
    </Filter>
    <Filter Include="Engine\ソースファイル">
      <UniqueIdentifier>{6d54335b-ee21-4d4a-8ec9-aa0b69057921}</UniqueIdentifier>
    </Filter>
    <Filter Include="Engine\ヘッダーファイル">
      <UniqueIdentifier>{beedab40-ecc1-4641-934c-84acd2a8f693}</UniqueIdentifier>
    </Filter>
    <Filter Include="Engine\ソースファイル\DirectXCore">
      <UniqueIdentifier>{b166f882-9217-44af-b930-a61a52df1a06}</UniqueIdentifier>
    </Filter>
    <Filter Include="Engine\ソースファイル\Input">
      <UniqueIdentifier>{93057e27-e27e-409e-b229-d0ab6d791380}</UniqueIdentifier>
    </Filter>
    <Filter Include="Engine\ヘッダーファイル\DirectXcore">
      <UniqueIdentifier>{afb5612f-903c-4ff3-a264-bd7eb7621577}</UniqueIdentifier>
    </Filter>
    <Filter Include="Engine\ヘッダーファイル\Input">
      <UniqueIdentifier>{1d7c7829-05b0-4497-b87c-1f0fe2d6ed1f}</UniqueIdentifier>
    </Filter>
    <Filter Include="Engine\リソース ファイル">
      <UniqueIdentifier>{67DA6AB6-F800-4c08-8B7A-83BB121AAD01}</UniqueIdentifier>
      <Extensions>rc;ico;cur;bmp;dlg;rc2;rct;bin;rgs;gif;jpg;jpeg;jpe;resx;tiff;tif;png;wav;mfcribbon-ms</Extensions>
    </Filter>
    <Filter Include="User">
      <UniqueIdentifier>{4ec7cd33-328d-4238-8eef-697120ab8bdb}</UniqueIdentifier>
    </Filter>
    <Filter Include="User\ソース ファイル">
      <UniqueIdentifier>{4FC737F1-C7A5-4376-A066-2A32D752A2FF}</UniqueIdentifier>
      <Extensions>cpp;c;cc;cxx;c++;cppm;ixx;def;odl;idl;hpj;bat;asm;asmx</Extensions>
    </Filter>
    <Filter Include="User\ヘッダー ファイル">
      <UniqueIdentifier>{93995380-89BD-4b04-88EB-625FBE52EBFB}</UniqueIdentifier>
      <Extensions>h;hh;hpp;hxx;h++;hm;inl;inc;ipp;xsd</Extensions>
    </Filter>
    <Filter Include="Engine\ソースファイル\Camera">
      <UniqueIdentifier>{073af99b-e0f9-4597-9d0e-f1b202ebd3c1}</UniqueIdentifier>
    </Filter>
    <Filter Include="Engine\ヘッダーファイル\Camera">
      <UniqueIdentifier>{5be7caff-bb91-42c2-a967-e35aa6c52c87}</UniqueIdentifier>
    </Filter>
    <Filter Include="Engine\ソースファイル\Draw">
      <UniqueIdentifier>{391cb05a-f90c-4363-92bd-3704079ac79d}</UniqueIdentifier>
    </Filter>
    <Filter Include="Engine\ソースファイル\Draw\2D">
      <UniqueIdentifier>{5fce9086-91bc-48f3-b75b-40e4ed1d23fa}</UniqueIdentifier>
    </Filter>
    <Filter Include="Engine\ヘッダーファイル\Draw">
      <UniqueIdentifier>{5b73f316-99aa-4055-b046-bc3070fa7eef}</UniqueIdentifier>
    </Filter>
    <Filter Include="Engine\ヘッダーファイル\Draw\2D">
      <UniqueIdentifier>{b64c42fd-fd7d-4007-9d9b-d2d6010faab6}</UniqueIdentifier>
    </Filter>
    <Filter Include="Engine\ソースファイル\Audio">
      <UniqueIdentifier>{2d26bf9f-44a9-4555-ba4d-f583f71c88ca}</UniqueIdentifier>
    </Filter>
    <Filter Include="Engine\ヘッダーファイル\Audio">
      <UniqueIdentifier>{e4eed88b-2f12-4891-afac-aeb9dbe33d75}</UniqueIdentifier>
    </Filter>
    <Filter Include="Engine\ソースファイル\Math">
      <UniqueIdentifier>{05e01e35-18a4-4f9c-aee5-49d362b1fcff}</UniqueIdentifier>
    </Filter>
    <Filter Include="Engine\ヘッダーファイル\Math">
      <UniqueIdentifier>{2513bd8c-2787-43dc-8e6a-994502a51c00}</UniqueIdentifier>
    </Filter>
    <Filter Include="Engine\ヘッダーファイル\Math\Vector">
      <UniqueIdentifier>{118c7207-da33-4bd5-b770-9811a9c8de07}</UniqueIdentifier>
    </Filter>
    <Filter Include="Engine\ソースファイル\Math\Vector">
      <UniqueIdentifier>{e74037cc-e4e2-4296-b2af-0e913a29d3c1}</UniqueIdentifier>
    </Filter>
    <Filter Include="Engine\ソースファイル\Draw\3D">
      <UniqueIdentifier>{074245bf-6869-48a7-97e8-d6b8f5db36e4}</UniqueIdentifier>
    </Filter>
    <Filter Include="Engine\ヘッダーファイル\Draw\3D">
      <UniqueIdentifier>{8a75d6b8-bb47-41cd-ac7d-265612da09a6}</UniqueIdentifier>
    </Filter>
  </ItemGroup>
  <ItemGroup>
    <ClCompile Include="main.cpp">
      <Filter>User\ソース ファイル</Filter>
    </ClCompile>
    <ClCompile Include="GameScene.cpp">
      <Filter>User\ソース ファイル</Filter>
    </ClCompile>
    <ClCompile Include="Keyboard.cpp">
      <Filter>Engine\ソースファイル\Input</Filter>
    </ClCompile>
    <ClCompile Include="Mouse.cpp">
      <Filter>Engine\ソースファイル\Input</Filter>
    </ClCompile>
    <ClCompile Include="Controller.cpp">
      <Filter>Engine\ソースファイル\Input</Filter>
    </ClCompile>
    <ClCompile Include="InputManager.cpp">
      <Filter>Engine\ソースファイル\Input</Filter>
    </ClCompile>
    <ClCompile Include="DirectX_.cpp">
      <Filter>Engine\ソースファイル\DirectXCore</Filter>
    </ClCompile>
    <ClCompile Include="WindowsApp.cpp">
      <Filter>Engine\ソースファイル\DirectXCore</Filter>
    </ClCompile>
    <ClCompile Include="FPS.cpp">
      <Filter>Engine\ソースファイル\DirectXCore</Filter>
    </ClCompile>
    <ClCompile Include="Camera.cpp">
      <Filter>Engine\ソースファイル\Camera</Filter>
    </ClCompile>
    <ClCompile Include="Sprite.cpp">
      <Filter>Engine\ソースファイル\Draw\2D</Filter>
    </ClCompile>
    <ClCompile Include="AudioManager.cpp">
      <Filter>Engine\ソースファイル\Audio</Filter>
    </ClCompile>
    <ClCompile Include="DrawCommon.cpp">
      <Filter>Engine\ソースファイル\Draw</Filter>
    </ClCompile>
    <ClCompile Include="myMath.cpp">
      <Filter>Engine\ソースファイル\Math</Filter>
    </ClCompile>
    <ClCompile Include="Vector2.cpp">
      <Filter>Engine\ソースファイル\Math\Vector</Filter>
    </ClCompile>
    <ClCompile Include="Vector3.cpp">
      <Filter>Engine\ソースファイル\Math\Vector</Filter>
    </ClCompile>
    <ClCompile Include="Vector4.cpp">
      <Filter>Engine\ソースファイル\Math\Vector</Filter>
    </ClCompile>
    <ClCompile Include="Matrix4.cpp">
      <Filter>Engine\ソースファイル\Math</Filter>
    </ClCompile>
    <ClCompile Include="TextureManager.cpp">
      <Filter>Engine\ソースファイル\Draw</Filter>
    </ClCompile>
    <ClCompile Include="PhysicsMath.cpp">
      <Filter>Engine\ソースファイル\Math</Filter>
    </ClCompile>
    <ClCompile Include="Obj.cpp">
      <Filter>Engine\ソースファイル\Draw\3D</Filter>
    </ClCompile>
    <ClCompile Include="DrawOversight.cpp">
      <Filter>Engine\ソースファイル\Draw</Filter>
    </ClCompile>
  </ItemGroup>
  <ItemGroup>
    <FxCompile Include="Resources\shaders\SpritePS.hlsl">
      <Filter>Engine\リソース ファイル</Filter>
    </FxCompile>
    <FxCompile Include="Resources\shaders\SpriteVS.hlsl">
      <Filter>Engine\リソース ファイル</Filter>
    </FxCompile>
  </ItemGroup>
  <ItemGroup>
    <ClInclude Include="GameScene.h">
      <Filter>User\ヘッダー ファイル</Filter>
    </ClInclude>
    <ClInclude Include="Keyboard.h">
      <Filter>Engine\ヘッダーファイル\Input</Filter>
    </ClInclude>
    <ClInclude Include="Mouse.h">
      <Filter>Engine\ヘッダーファイル\Input</Filter>
    </ClInclude>
    <ClInclude Include="Controller.h">
      <Filter>Engine\ヘッダーファイル\Input</Filter>
    </ClInclude>
    <ClInclude Include="InputManager.h">
      <Filter>Engine\ヘッダーファイル\Input</Filter>
    </ClInclude>
    <ClInclude Include="DirectX_.h">
      <Filter>Engine\ヘッダーファイル\DirectXcore</Filter>
    </ClInclude>
    <ClInclude Include="WindowsApp.h">
      <Filter>Engine\ヘッダーファイル\DirectXcore</Filter>
    </ClInclude>
    <ClInclude Include="FPS.h">
      <Filter>Engine\ヘッダーファイル\DirectXcore</Filter>
    </ClInclude>
    <ClInclude Include="Camera.h">
      <Filter>Engine\ヘッダーファイル\Camera</Filter>
    </ClInclude>
    <ClInclude Include="Sprite.h">
      <Filter>Engine\ヘッダーファイル\Draw\2D</Filter>
    </ClInclude>
    <ClInclude Include="AudioManager.h">
      <Filter>Engine\ヘッダーファイル\Audio</Filter>
    </ClInclude>
    <ClInclude Include="DrawCommon.h">
      <Filter>Engine\ヘッダーファイル\Draw</Filter>
    </ClInclude>
    <ClInclude Include="myMath.h">
      <Filter>Engine\ヘッダーファイル\Math</Filter>
    </ClInclude>
    <ClInclude Include="Vector2.h">
      <Filter>Engine\ヘッダーファイル\Math\Vector</Filter>
    </ClInclude>
    <ClInclude Include="Vector3.h">
      <Filter>Engine\ヘッダーファイル\Math\Vector</Filter>
    </ClInclude>
    <ClInclude Include="Vector4.h">
      <Filter>Engine\ヘッダーファイル\Math\Vector</Filter>
    </ClInclude>
    <ClInclude Include="Matrix4.h">
      <Filter>Engine\ヘッダーファイル\Math</Filter>
    </ClInclude>
    <ClInclude Include="TextureManager.h">
      <Filter>Engine\ヘッダーファイル\Draw</Filter>
    </ClInclude>
    <ClInclude Include="PhysicsMath.h">
      <Filter>Engine\ヘッダーファイル\Math</Filter>
    </ClInclude>
    <ClInclude Include="Obj.h">
      <Filter>Engine\ヘッダーファイル\Draw\3D</Filter>
    </ClInclude>
    <ClInclude Include="DrawOversight.h">
      <Filter>Engine\ヘッダーファイル\Draw</Filter>
    </ClInclude>
  </ItemGroup>
  <ItemGroup>
    <None Include="Resources\shaders\Sprite.hlsli">
      <Filter>Engine\リソース ファイル</Filter>
    </None>
  </ItemGroup>
</Project>